// !$*UTF8*$!
{
	archiveVersion = 1;
	classes = {
	};
	objectVersion = 56;
	objects = {

/* Begin PBXBuildFile section */
		380646F52B207619001B375D /* MockData.swift in Sources */ = {isa = PBXBuildFile; fileRef = 380646F42B207619001B375D /* MockData.swift */; };
		380646F92B2084F1001B375D /* StoryListUseCase.swift in Sources */ = {isa = PBXBuildFile; fileRef = 380646F82B2084F1001B375D /* StoryListUseCase.swift */; };
		380646FB2B20872E001B375D /* StoryListUseCaseProtocol.swift in Sources */ = {isa = PBXBuildFile; fileRef = 380646FA2B20872E001B375D /* StoryListUseCaseProtocol.swift */; };
		380646FD2B20D1FA001B375D /* UIViewController+Reactive.swift in Sources */ = {isa = PBXBuildFile; fileRef = 380646FC2B20D1FA001B375D /* UIViewController+Reactive.swift */; };
		380647002B21CD1D001B375D /* StoryUploadViewController.swift in Sources */ = {isa = PBXBuildFile; fileRef = 380646FF2B21CD1D001B375D /* StoryUploadViewController.swift */; };
		380647032B21CD7F001B375D /* StoryUploadCoordinator.swift in Sources */ = {isa = PBXBuildFile; fileRef = 380647022B21CD7F001B375D /* StoryUploadCoordinator.swift */; };
		380647062B21D0E9001B375D /* StoryUploadHeaderView.swift in Sources */ = {isa = PBXBuildFile; fileRef = 380647052B21D0E9001B375D /* StoryUploadHeaderView.swift */; };
		38318DA82B1A11EB000EED65 /* RefreshTokenDTO.swift in Sources */ = {isa = PBXBuildFile; fileRef = 38318DA72B1A11EB000EED65 /* RefreshTokenDTO.swift */; };
		38318DB02B1C5C73000EED65 /* StoryListHeaderView.swift in Sources */ = {isa = PBXBuildFile; fileRef = 38318DAF2B1C5C73000EED65 /* StoryListHeaderView.swift */; };
		38318DB82B1C73AE000EED65 /* UICollectionViewLayout+.swift in Sources */ = {isa = PBXBuildFile; fileRef = 38318DB72B1C73AE000EED65 /* UICollectionViewLayout+.swift */; };
		38318DBB2B1C8F58000EED65 /* StoryListView.swift in Sources */ = {isa = PBXBuildFile; fileRef = 38318DBA2B1C8F58000EED65 /* StoryListView.swift */; };
		38318DBD2B1C97CE000EED65 /* StoryPost.swift in Sources */ = {isa = PBXBuildFile; fileRef = 38318DBC2B1C97CE000EED65 /* StoryPost.swift */; };
		38318DBF2B1CD2D8000EED65 /* BaseView.swift in Sources */ = {isa = PBXBuildFile; fileRef = 38318DBE2B1CD2D7000EED65 /* BaseView.swift */; };
		38318DC12B1CE3EC000EED65 /* StoryListCollectionViewCell.swift in Sources */ = {isa = PBXBuildFile; fileRef = 38318DC02B1CE3EB000EED65 /* StoryListCollectionViewCell.swift */; };
		38318DC32B1CE9EF000EED65 /* BaseCollectionViewCell.swift in Sources */ = {isa = PBXBuildFile; fileRef = 38318DC22B1CE9EF000EED65 /* BaseCollectionViewCell.swift */; };
		38318DC62B1CFE47000EED65 /* SeparatorView.swift in Sources */ = {isa = PBXBuildFile; fileRef = 38318DC52B1CFE47000EED65 /* SeparatorView.swift */; };
		38318DC92B1DB666000EED65 /* StoryItemHeaderView.swift in Sources */ = {isa = PBXBuildFile; fileRef = 38318DC82B1DB666000EED65 /* StoryItemHeaderView.swift */; };
		38318DCC2B1E35DB000EED65 /* StoryListViewModel.swift in Sources */ = {isa = PBXBuildFile; fileRef = 38318DCB2B1E35DB000EED65 /* StoryListViewModel.swift */; };
		38318DCE2B1E3A15000EED65 /* StoryItemView.swift in Sources */ = {isa = PBXBuildFile; fileRef = 38318DCD2B1E3A15000EED65 /* StoryItemView.swift */; };
		38318DD42B1ED72B000EED65 /* StoryItemCollectionViewCell.swift in Sources */ = {isa = PBXBuildFile; fileRef = 38318DD32B1ED72B000EED65 /* StoryItemCollectionViewCell.swift */; };
		38318DD72B1EDEC8000EED65 /* StoryImage.swift in Sources */ = {isa = PBXBuildFile; fileRef = 38318DD62B1EDEC8000EED65 /* StoryImage.swift */; };
		38318DD92B1F3AF8000EED65 /* StoryItemFooterView.swift in Sources */ = {isa = PBXBuildFile; fileRef = 38318DD82B1F3AF8000EED65 /* StoryItemFooterView.swift */; };
		38318DDB2B1F54C2000EED65 /* StoryPostRepositoryProtocol.swift in Sources */ = {isa = PBXBuildFile; fileRef = 38318DDA2B1F54C2000EED65 /* StoryPostRepositoryProtocol.swift */; };
		38318DDD2B1F55BB000EED65 /* StoryCreateDTO.swift in Sources */ = {isa = PBXBuildFile; fileRef = 38318DDC2B1F55BB000EED65 /* StoryCreateDTO.swift */; };
		38318DDF2B203645000EED65 /* StoryReadDTO.swift in Sources */ = {isa = PBXBuildFile; fileRef = 38318DDE2B203645000EED65 /* StoryReadDTO.swift */; };
		38318DE12B2037EB000EED65 /* Story.swift in Sources */ = {isa = PBXBuildFile; fileRef = 38318DE02B2037EB000EED65 /* Story.swift */; };
		38318DE32B20380A000EED65 /* Creator.swift in Sources */ = {isa = PBXBuildFile; fileRef = 38318DE22B20380A000EED65 /* Creator.swift */; };
		38318DE52B20411A000EED65 /* StoryCreateError.swift in Sources */ = {isa = PBXBuildFile; fileRef = 38318DE42B20411A000EED65 /* StoryCreateError.swift */; };
		38318DE72B204286000EED65 /* StoryReadError.swift in Sources */ = {isa = PBXBuildFile; fileRef = 38318DE62B204286000EED65 /* StoryReadError.swift */; };
		38318DE92B20473D000EED65 /* StoryPostRepository.swift in Sources */ = {isa = PBXBuildFile; fileRef = 38318DE82B20473D000EED65 /* StoryPostRepository.swift */; };
		383ECFD12B15B437004675E1 /* UserSigninViewController.swift in Sources */ = {isa = PBXBuildFile; fileRef = 383ECFD02B15B437004675E1 /* UserSigninViewController.swift */; };
		383ECFD32B15B76A004675E1 /* UserSigninViewModel.swift in Sources */ = {isa = PBXBuildFile; fileRef = 383ECFD22B15B76A004675E1 /* UserSigninViewModel.swift */; };
		383ECFD52B15BF01004675E1 /* UserSigninUseCase.swift in Sources */ = {isa = PBXBuildFile; fileRef = 383ECFD42B15BF01004675E1 /* UserSigninUseCase.swift */; };
		383ECFD72B15BF2B004675E1 /* UserSigninUseCaseProtocol.swift in Sources */ = {isa = PBXBuildFile; fileRef = 383ECFD62B15BF2B004675E1 /* UserSigninUseCaseProtocol.swift */; };
		383ECFD92B15C48D004675E1 /* JoinButton.swift in Sources */ = {isa = PBXBuildFile; fileRef = 383ECFD82B15C48D004675E1 /* JoinButton.swift */; };
		383ECFDC2B15CB29004675E1 /* UserSigninDTO.swift in Sources */ = {isa = PBXBuildFile; fileRef = 383ECFDB2B15CB29004675E1 /* UserSigninDTO.swift */; };
		3840F68E2B185FA800C488B6 /* APIResult.swift in Sources */ = {isa = PBXBuildFile; fileRef = 3840F68D2B185FA800C488B6 /* APIResult.swift */; };
		3847EC112B022C1200E086EB /* AppDelegate.swift in Sources */ = {isa = PBXBuildFile; fileRef = 3847EC102B022C1200E086EB /* AppDelegate.swift */; };
		3847EC132B022C1200E086EB /* SceneDelegate.swift in Sources */ = {isa = PBXBuildFile; fileRef = 3847EC122B022C1200E086EB /* SceneDelegate.swift */; };
		3847EC1A2B022C1400E086EB /* Assets.xcassets in Resources */ = {isa = PBXBuildFile; fileRef = 3847EC192B022C1400E086EB /* Assets.xcassets */; };
		3847EC1D2B022C1400E086EB /* LaunchScreen.storyboard in Resources */ = {isa = PBXBuildFile; fileRef = 3847EC1B2B022C1400E086EB /* LaunchScreen.storyboard */; };
		3847EC252B022C1E00E086EB /* .gitignore in Resources */ = {isa = PBXBuildFile; fileRef = 3847EC242B022C1E00E086EB /* .gitignore */; };
		3847EC2F2B022FCE00E086EB /* UITabBarController+.swift in Sources */ = {isa = PBXBuildFile; fileRef = 3847EC2E2B022FCE00E086EB /* UITabBarController+.swift */; };
		3847EC322B022FF800E086EB /* Constant.swift in Sources */ = {isa = PBXBuildFile; fileRef = 3847EC312B022FF800E086EB /* Constant.swift */; };
		3847EC352B02303200E086EB /* Constant+UI.swift in Sources */ = {isa = PBXBuildFile; fileRef = 3847EC342B02303200E086EB /* Constant+UI.swift */; };
		3847EC372B02307100E086EB /* UINavigationController+.swift in Sources */ = {isa = PBXBuildFile; fileRef = 3847EC362B02307100E086EB /* UINavigationController+.swift */; };
		3847EC3C2B02388900E086EB /* README.md in Resources */ = {isa = PBXBuildFile; fileRef = 3847EC3B2B02388900E086EB /* README.md */; };
		3847EC402B0251A500E086EB /* UserJoinViewController.swift in Sources */ = {isa = PBXBuildFile; fileRef = 3847EC3F2B0251A500E086EB /* UserJoinViewController.swift */; };
		3847EC442B0252B200E086EB /* BaseViewController.swift in Sources */ = {isa = PBXBuildFile; fileRef = 3847EC432B0252B200E086EB /* BaseViewController.swift */; };
		3847EC482B02578900E086EB /* SigninTextField.swift in Sources */ = {isa = PBXBuildFile; fileRef = 3847EC472B02578900E086EB /* SigninTextField.swift */; };
		3859E5562B18C31000987F75 /* RefreshError.swift in Sources */ = {isa = PBXBuildFile; fileRef = 3859E5552B18C31000987F75 /* RefreshError.swift */; };
		386309272B132A5A001973AA /* UserAuthRepositoryProtocol.swift in Sources */ = {isa = PBXBuildFile; fileRef = 386309262B132A5A001973AA /* UserAuthRepositoryProtocol.swift */; };
		3863092A2B1340ED001973AA /* UserJoinUseCaseProtocol.swift in Sources */ = {isa = PBXBuildFile; fileRef = 386309292B1340ED001973AA /* UserJoinUseCaseProtocol.swift */; };
		386309312B135752001973AA /* User.swift in Sources */ = {isa = PBXBuildFile; fileRef = 386309302B135752001973AA /* User.swift */; };
		386309332B1357A8001973AA /* UserJoinDTO.swift in Sources */ = {isa = PBXBuildFile; fileRef = 386309322B1357A8001973AA /* UserJoinDTO.swift */; };
		386309382B135C86001973AA /* EmailValidationDTO.swift in Sources */ = {isa = PBXBuildFile; fileRef = 386309372B135C86001973AA /* EmailValidationDTO.swift */; };
		3863093C2B141C93001973AA /* Coordinator.swift in Sources */ = {isa = PBXBuildFile; fileRef = 3863093B2B141C93001973AA /* Coordinator.swift */; };
		3863094E2B1457B9001973AA /* AppCoordinator.swift in Sources */ = {isa = PBXBuildFile; fileRef = 3863094D2B1457B9001973AA /* AppCoordinator.swift */; };
		386309522B145C77001973AA /* TabBarCoordinator.swift in Sources */ = {isa = PBXBuildFile; fileRef = 386309512B145C77001973AA /* TabBarCoordinator.swift */; };
		386309562B146757001973AA /* UserAuthCoordinator.swift in Sources */ = {isa = PBXBuildFile; fileRef = 386309552B146757001973AA /* UserAuthCoordinator.swift */; };
		386309612B14703E001973AA /* UserJoinUseCase.swift in Sources */ = {isa = PBXBuildFile; fileRef = 386309602B14703E001973AA /* UserJoinUseCase.swift */; };
		386309632B147637001973AA /* UserAuthRepository.swift in Sources */ = {isa = PBXBuildFile; fileRef = 386309622B147637001973AA /* UserAuthRepository.swift */; };
		386FCD8B2B21DA8200822DFD /* UIImagePicker+Reactive.swift in Sources */ = {isa = PBXBuildFile; fileRef = 386FCD8A2B21DA8200822DFD /* UIImagePicker+Reactive.swift */; };
		386FCD8D2B21EFBA00822DFD /* StoryUploadViewModel.swift in Sources */ = {isa = PBXBuildFile; fileRef = 386FCD8C2B21EFBA00822DFD /* StoryUploadViewModel.swift */; };
		386FCDC92B22E2FB00822DFD /* RxGesture in Frameworks */ = {isa = PBXBuildFile; productRef = 386FCDC82B22E2FB00822DFD /* RxGesture */; };
		387463CF2B160815009FAB2C /* TabBar.swift in Sources */ = {isa = PBXBuildFile; fileRef = 387463CE2B160815009FAB2C /* TabBar.swift */; };
		387463DE2B163C54009FAB2C /* StoryContentCoordinator.swift in Sources */ = {isa = PBXBuildFile; fileRef = 387463DD2B163C54009FAB2C /* StoryContentCoordinator.swift */; };
		387463E02B163C74009FAB2C /* StoryListViewController.swift in Sources */ = {isa = PBXBuildFile; fileRef = 387463DF2B163C74009FAB2C /* StoryListViewController.swift */; };
		387464002B170B18009FAB2C /* KeychainRepositoryProtocol.swift in Sources */ = {isa = PBXBuildFile; fileRef = 387463FF2B170B18009FAB2C /* KeychainRepositoryProtocol.swift */; };
		387464022B170C3B009FAB2C /* KeychainRepository.swift in Sources */ = {isa = PBXBuildFile; fileRef = 387464012B170C3B009FAB2C /* KeychainRepository.swift */; };
		387464092B171D70009FAB2C /* ReusableError.swift in Sources */ = {isa = PBXBuildFile; fileRef = 387464082B171D70009FAB2C /* ReusableError.swift */; };
		3874640B2B172013009FAB2C /* TokenError.swift in Sources */ = {isa = PBXBuildFile; fileRef = 3874640A2B172013009FAB2C /* TokenError.swift */; };
		3874640D2B172208009FAB2C /* UserSigninError.swift in Sources */ = {isa = PBXBuildFile; fileRef = 3874640C2B172208009FAB2C /* UserSigninError.swift */; };
		387464132B173E2C009FAB2C /* UserJoinError.swift in Sources */ = {isa = PBXBuildFile; fileRef = 387464122B173E2C009FAB2C /* UserJoinError.swift */; };
		388CFD4D2B0F2ED900638EFD /* NetworkError.swift in Sources */ = {isa = PBXBuildFile; fileRef = 388CFD4C2B0F2ED800638EFD /* NetworkError.swift */; };
		38B5FB152B24D2AE00F91DDA /* RefreshInterceptor.swift in Sources */ = {isa = PBXBuildFile; fileRef = 38B5FB142B24D2AE00F91DDA /* RefreshInterceptor.swift */; };
		38B9203F2B08AAED006CBD1C /* Constant+Network.swift in Sources */ = {isa = PBXBuildFile; fileRef = 38B9203E2B08AAED006CBD1C /* Constant+Network.swift */; };
		38CA8C222B0385AC00A9C4B7 /* SigninTitleLabel.swift in Sources */ = {isa = PBXBuildFile; fileRef = 38CA8C212B0385AC00A9C4B7 /* SigninTitleLabel.swift */; };
		38CA8C252B03893300A9C4B7 /* SigninSubtitleLabel.swift in Sources */ = {isa = PBXBuildFile; fileRef = 38CA8C242B03893300A9C4B7 /* SigninSubtitleLabel.swift */; };
		38CA8C272B038AC000A9C4B7 /* SigninButton.swift in Sources */ = {isa = PBXBuildFile; fileRef = 38CA8C262B038AC000A9C4B7 /* SigninButton.swift */; };
		38CA8C2A2B038CB000A9C4B7 /* UITextField+.swift in Sources */ = {isa = PBXBuildFile; fileRef = 38CA8C292B038CB000A9C4B7 /* UITextField+.swift */; };
		38D4066B2B0B29E000B6F783 /* SecureTextButton.swift in Sources */ = {isa = PBXBuildFile; fileRef = 38D4066A2B0B29E000B6F783 /* SecureTextButton.swift */; };
		38D4066D2B0B40DE00B6F783 /* String+.swift in Sources */ = {isa = PBXBuildFile; fileRef = 38D4066C2B0B40DE00B6F783 /* String+.swift */; };
		38EE8A7B2B04CD4E00E629CC /* RxCocoa in Frameworks */ = {isa = PBXBuildFile; productRef = 38EE8A7A2B04CD4E00E629CC /* RxCocoa */; };
		38EE8A7D2B04CD4E00E629CC /* RxSwift in Frameworks */ = {isa = PBXBuildFile; productRef = 38EE8A7C2B04CD4E00E629CC /* RxSwift */; };
		38EE8A802B04CE2900E629CC /* Moya in Frameworks */ = {isa = PBXBuildFile; productRef = 38EE8A7F2B04CE2900E629CC /* Moya */; };
		38EE8A822B04D0AC00E629CC /* UserJoinViewModel.swift in Sources */ = {isa = PBXBuildFile; fileRef = 38EE8A812B04D0AC00E629CC /* UserJoinViewModel.swift */; };
		38EE8A842B04D29000E629CC /* ViewModel.swift in Sources */ = {isa = PBXBuildFile; fileRef = 38EE8A832B04D29000E629CC /* ViewModel.swift */; };
		38EE8A972B0632AD00E629CC /* APIManager.swift in Sources */ = {isa = PBXBuildFile; fileRef = 38EE8A962B0632AD00E629CC /* APIManager.swift */; };
		38EE8A9A2B06338800E629CC /* MementoAPI.swift in Sources */ = {isa = PBXBuildFile; fileRef = 38EE8A992B06338800E629CC /* MementoAPI.swift */; };
		38EE8A9F2B06387900E629CC /* APIKey.swift in Sources */ = {isa = PBXBuildFile; fileRef = 38EE8A9E2B06387900E629CC /* APIKey.swift */; };
/* End PBXBuildFile section */

/* Begin PBXFileReference section */
		380646F42B207619001B375D /* MockData.swift */ = {isa = PBXFileReference; lastKnownFileType = sourcecode.swift; path = MockData.swift; sourceTree = "<group>"; };
		380646F82B2084F1001B375D /* StoryListUseCase.swift */ = {isa = PBXFileReference; lastKnownFileType = sourcecode.swift; path = StoryListUseCase.swift; sourceTree = "<group>"; };
		380646FA2B20872E001B375D /* StoryListUseCaseProtocol.swift */ = {isa = PBXFileReference; lastKnownFileType = sourcecode.swift; path = StoryListUseCaseProtocol.swift; sourceTree = "<group>"; };
		380646FC2B20D1FA001B375D /* UIViewController+Reactive.swift */ = {isa = PBXFileReference; lastKnownFileType = sourcecode.swift; path = "UIViewController+Reactive.swift"; sourceTree = "<group>"; };
		380646FF2B21CD1D001B375D /* StoryUploadViewController.swift */ = {isa = PBXFileReference; lastKnownFileType = sourcecode.swift; path = StoryUploadViewController.swift; sourceTree = "<group>"; };
		380647022B21CD7F001B375D /* StoryUploadCoordinator.swift */ = {isa = PBXFileReference; lastKnownFileType = sourcecode.swift; path = StoryUploadCoordinator.swift; sourceTree = "<group>"; };
		380647052B21D0E9001B375D /* StoryUploadHeaderView.swift */ = {isa = PBXFileReference; lastKnownFileType = sourcecode.swift; path = StoryUploadHeaderView.swift; sourceTree = "<group>"; };
		38318DA72B1A11EB000EED65 /* RefreshTokenDTO.swift */ = {isa = PBXFileReference; lastKnownFileType = sourcecode.swift; path = RefreshTokenDTO.swift; sourceTree = "<group>"; };
		38318DAF2B1C5C73000EED65 /* StoryListHeaderView.swift */ = {isa = PBXFileReference; lastKnownFileType = sourcecode.swift; path = StoryListHeaderView.swift; sourceTree = "<group>"; };
		38318DB72B1C73AE000EED65 /* UICollectionViewLayout+.swift */ = {isa = PBXFileReference; lastKnownFileType = sourcecode.swift; path = "UICollectionViewLayout+.swift"; sourceTree = "<group>"; };
		38318DBA2B1C8F58000EED65 /* StoryListView.swift */ = {isa = PBXFileReference; lastKnownFileType = sourcecode.swift; path = StoryListView.swift; sourceTree = "<group>"; };
		38318DBC2B1C97CE000EED65 /* StoryPost.swift */ = {isa = PBXFileReference; lastKnownFileType = sourcecode.swift; path = StoryPost.swift; sourceTree = "<group>"; };
		38318DBE2B1CD2D7000EED65 /* BaseView.swift */ = {isa = PBXFileReference; lastKnownFileType = sourcecode.swift; path = BaseView.swift; sourceTree = "<group>"; };
		38318DC02B1CE3EB000EED65 /* StoryListCollectionViewCell.swift */ = {isa = PBXFileReference; lastKnownFileType = sourcecode.swift; path = StoryListCollectionViewCell.swift; sourceTree = "<group>"; };
		38318DC22B1CE9EF000EED65 /* BaseCollectionViewCell.swift */ = {isa = PBXFileReference; lastKnownFileType = sourcecode.swift; path = BaseCollectionViewCell.swift; sourceTree = "<group>"; };
		38318DC52B1CFE47000EED65 /* SeparatorView.swift */ = {isa = PBXFileReference; lastKnownFileType = sourcecode.swift; path = SeparatorView.swift; sourceTree = "<group>"; };
		38318DC82B1DB666000EED65 /* StoryItemHeaderView.swift */ = {isa = PBXFileReference; lastKnownFileType = sourcecode.swift; path = StoryItemHeaderView.swift; sourceTree = "<group>"; };
		38318DCB2B1E35DB000EED65 /* StoryListViewModel.swift */ = {isa = PBXFileReference; lastKnownFileType = sourcecode.swift; path = StoryListViewModel.swift; sourceTree = "<group>"; };
		38318DCD2B1E3A15000EED65 /* StoryItemView.swift */ = {isa = PBXFileReference; lastKnownFileType = sourcecode.swift; path = StoryItemView.swift; sourceTree = "<group>"; };
		38318DD32B1ED72B000EED65 /* StoryItemCollectionViewCell.swift */ = {isa = PBXFileReference; lastKnownFileType = sourcecode.swift; path = StoryItemCollectionViewCell.swift; sourceTree = "<group>"; };
		38318DD62B1EDEC8000EED65 /* StoryImage.swift */ = {isa = PBXFileReference; lastKnownFileType = sourcecode.swift; path = StoryImage.swift; sourceTree = "<group>"; };
		38318DD82B1F3AF8000EED65 /* StoryItemFooterView.swift */ = {isa = PBXFileReference; lastKnownFileType = sourcecode.swift; path = StoryItemFooterView.swift; sourceTree = "<group>"; };
		38318DDA2B1F54C2000EED65 /* StoryPostRepositoryProtocol.swift */ = {isa = PBXFileReference; lastKnownFileType = sourcecode.swift; path = StoryPostRepositoryProtocol.swift; sourceTree = "<group>"; };
		38318DDC2B1F55BB000EED65 /* StoryCreateDTO.swift */ = {isa = PBXFileReference; lastKnownFileType = sourcecode.swift; path = StoryCreateDTO.swift; sourceTree = "<group>"; };
		38318DDE2B203645000EED65 /* StoryReadDTO.swift */ = {isa = PBXFileReference; lastKnownFileType = sourcecode.swift; path = StoryReadDTO.swift; sourceTree = "<group>"; };
		38318DE02B2037EB000EED65 /* Story.swift */ = {isa = PBXFileReference; lastKnownFileType = sourcecode.swift; path = Story.swift; sourceTree = "<group>"; };
		38318DE22B20380A000EED65 /* Creator.swift */ = {isa = PBXFileReference; lastKnownFileType = sourcecode.swift; path = Creator.swift; sourceTree = "<group>"; };
		38318DE42B20411A000EED65 /* StoryCreateError.swift */ = {isa = PBXFileReference; lastKnownFileType = sourcecode.swift; path = StoryCreateError.swift; sourceTree = "<group>"; };
		38318DE62B204286000EED65 /* StoryReadError.swift */ = {isa = PBXFileReference; lastKnownFileType = sourcecode.swift; path = StoryReadError.swift; sourceTree = "<group>"; };
		38318DE82B20473D000EED65 /* StoryPostRepository.swift */ = {isa = PBXFileReference; lastKnownFileType = sourcecode.swift; path = StoryPostRepository.swift; sourceTree = "<group>"; };
		383ECFD02B15B437004675E1 /* UserSigninViewController.swift */ = {isa = PBXFileReference; lastKnownFileType = sourcecode.swift; path = UserSigninViewController.swift; sourceTree = "<group>"; };
		383ECFD22B15B76A004675E1 /* UserSigninViewModel.swift */ = {isa = PBXFileReference; lastKnownFileType = sourcecode.swift; path = UserSigninViewModel.swift; sourceTree = "<group>"; };
		383ECFD42B15BF01004675E1 /* UserSigninUseCase.swift */ = {isa = PBXFileReference; lastKnownFileType = sourcecode.swift; path = UserSigninUseCase.swift; sourceTree = "<group>"; };
		383ECFD62B15BF2B004675E1 /* UserSigninUseCaseProtocol.swift */ = {isa = PBXFileReference; lastKnownFileType = sourcecode.swift; path = UserSigninUseCaseProtocol.swift; sourceTree = "<group>"; };
		383ECFD82B15C48D004675E1 /* JoinButton.swift */ = {isa = PBXFileReference; lastKnownFileType = sourcecode.swift; path = JoinButton.swift; sourceTree = "<group>"; };
		383ECFDB2B15CB29004675E1 /* UserSigninDTO.swift */ = {isa = PBXFileReference; lastKnownFileType = sourcecode.swift; path = UserSigninDTO.swift; sourceTree = "<group>"; };
		3840F68D2B185FA800C488B6 /* APIResult.swift */ = {isa = PBXFileReference; lastKnownFileType = sourcecode.swift; path = APIResult.swift; sourceTree = "<group>"; };
		3847EC0D2B022C1200E086EB /* MementoMori.app */ = {isa = PBXFileReference; explicitFileType = wrapper.application; includeInIndex = 0; path = MementoMori.app; sourceTree = BUILT_PRODUCTS_DIR; };
		3847EC102B022C1200E086EB /* AppDelegate.swift */ = {isa = PBXFileReference; lastKnownFileType = sourcecode.swift; path = AppDelegate.swift; sourceTree = "<group>"; };
		3847EC122B022C1200E086EB /* SceneDelegate.swift */ = {isa = PBXFileReference; lastKnownFileType = sourcecode.swift; path = SceneDelegate.swift; sourceTree = "<group>"; };
		3847EC192B022C1400E086EB /* Assets.xcassets */ = {isa = PBXFileReference; lastKnownFileType = folder.assetcatalog; path = Assets.xcassets; sourceTree = "<group>"; };
		3847EC1C2B022C1400E086EB /* Base */ = {isa = PBXFileReference; lastKnownFileType = file.storyboard; name = Base; path = Base.lproj/LaunchScreen.storyboard; sourceTree = "<group>"; };
		3847EC1E2B022C1400E086EB /* Info.plist */ = {isa = PBXFileReference; lastKnownFileType = text.plist.xml; path = Info.plist; sourceTree = "<group>"; };
		3847EC242B022C1E00E086EB /* .gitignore */ = {isa = PBXFileReference; lastKnownFileType = text; path = .gitignore; sourceTree = "<group>"; };
		3847EC2E2B022FCE00E086EB /* UITabBarController+.swift */ = {isa = PBXFileReference; lastKnownFileType = sourcecode.swift; path = "UITabBarController+.swift"; sourceTree = "<group>"; };
		3847EC312B022FF800E086EB /* Constant.swift */ = {isa = PBXFileReference; lastKnownFileType = sourcecode.swift; path = Constant.swift; sourceTree = "<group>"; };
		3847EC342B02303200E086EB /* Constant+UI.swift */ = {isa = PBXFileReference; lastKnownFileType = sourcecode.swift; path = "Constant+UI.swift"; sourceTree = "<group>"; };
		3847EC362B02307100E086EB /* UINavigationController+.swift */ = {isa = PBXFileReference; lastKnownFileType = sourcecode.swift; path = "UINavigationController+.swift"; sourceTree = "<group>"; };
		3847EC3B2B02388900E086EB /* README.md */ = {isa = PBXFileReference; lastKnownFileType = net.daringfireball.markdown; path = README.md; sourceTree = "<group>"; };
		3847EC3F2B0251A500E086EB /* UserJoinViewController.swift */ = {isa = PBXFileReference; lastKnownFileType = sourcecode.swift; path = UserJoinViewController.swift; sourceTree = "<group>"; };
		3847EC432B0252B200E086EB /* BaseViewController.swift */ = {isa = PBXFileReference; lastKnownFileType = sourcecode.swift; path = BaseViewController.swift; sourceTree = "<group>"; };
		3847EC472B02578900E086EB /* SigninTextField.swift */ = {isa = PBXFileReference; lastKnownFileType = sourcecode.swift; path = SigninTextField.swift; sourceTree = "<group>"; };
		3859E5552B18C31000987F75 /* RefreshError.swift */ = {isa = PBXFileReference; lastKnownFileType = sourcecode.swift; path = RefreshError.swift; sourceTree = "<group>"; };
		386309262B132A5A001973AA /* UserAuthRepositoryProtocol.swift */ = {isa = PBXFileReference; lastKnownFileType = sourcecode.swift; path = UserAuthRepositoryProtocol.swift; sourceTree = "<group>"; };
		386309292B1340ED001973AA /* UserJoinUseCaseProtocol.swift */ = {isa = PBXFileReference; lastKnownFileType = sourcecode.swift; path = UserJoinUseCaseProtocol.swift; sourceTree = "<group>"; };
		386309302B135752001973AA /* User.swift */ = {isa = PBXFileReference; lastKnownFileType = sourcecode.swift; path = User.swift; sourceTree = "<group>"; };
		386309322B1357A8001973AA /* UserJoinDTO.swift */ = {isa = PBXFileReference; lastKnownFileType = sourcecode.swift; path = UserJoinDTO.swift; sourceTree = "<group>"; };
		386309372B135C86001973AA /* EmailValidationDTO.swift */ = {isa = PBXFileReference; lastKnownFileType = sourcecode.swift; path = EmailValidationDTO.swift; sourceTree = "<group>"; };
		3863093B2B141C93001973AA /* Coordinator.swift */ = {isa = PBXFileReference; lastKnownFileType = sourcecode.swift; path = Coordinator.swift; sourceTree = "<group>"; };
		3863094D2B1457B9001973AA /* AppCoordinator.swift */ = {isa = PBXFileReference; lastKnownFileType = sourcecode.swift; path = AppCoordinator.swift; sourceTree = "<group>"; };
		386309512B145C77001973AA /* TabBarCoordinator.swift */ = {isa = PBXFileReference; lastKnownFileType = sourcecode.swift; path = TabBarCoordinator.swift; sourceTree = "<group>"; };
		386309552B146757001973AA /* UserAuthCoordinator.swift */ = {isa = PBXFileReference; lastKnownFileType = sourcecode.swift; path = UserAuthCoordinator.swift; sourceTree = "<group>"; };
		386309602B14703E001973AA /* UserJoinUseCase.swift */ = {isa = PBXFileReference; lastKnownFileType = sourcecode.swift; path = UserJoinUseCase.swift; sourceTree = "<group>"; };
		386309622B147637001973AA /* UserAuthRepository.swift */ = {isa = PBXFileReference; lastKnownFileType = sourcecode.swift; path = UserAuthRepository.swift; sourceTree = "<group>"; };
		386FCD8A2B21DA8200822DFD /* UIImagePicker+Reactive.swift */ = {isa = PBXFileReference; lastKnownFileType = sourcecode.swift; path = "UIImagePicker+Reactive.swift"; sourceTree = "<group>"; };
		386FCD8C2B21EFBA00822DFD /* StoryUploadViewModel.swift */ = {isa = PBXFileReference; lastKnownFileType = sourcecode.swift; path = StoryUploadViewModel.swift; sourceTree = "<group>"; };
		387463CE2B160815009FAB2C /* TabBar.swift */ = {isa = PBXFileReference; lastKnownFileType = sourcecode.swift; path = TabBar.swift; sourceTree = "<group>"; };
		387463DD2B163C54009FAB2C /* StoryContentCoordinator.swift */ = {isa = PBXFileReference; lastKnownFileType = sourcecode.swift; path = StoryContentCoordinator.swift; sourceTree = "<group>"; };
		387463DF2B163C74009FAB2C /* StoryListViewController.swift */ = {isa = PBXFileReference; lastKnownFileType = sourcecode.swift; path = StoryListViewController.swift; sourceTree = "<group>"; };
		387463FF2B170B18009FAB2C /* KeychainRepositoryProtocol.swift */ = {isa = PBXFileReference; lastKnownFileType = sourcecode.swift; path = KeychainRepositoryProtocol.swift; sourceTree = "<group>"; };
		387464012B170C3B009FAB2C /* KeychainRepository.swift */ = {isa = PBXFileReference; lastKnownFileType = sourcecode.swift; path = KeychainRepository.swift; sourceTree = "<group>"; };
		387464082B171D70009FAB2C /* ReusableError.swift */ = {isa = PBXFileReference; lastKnownFileType = sourcecode.swift; path = ReusableError.swift; sourceTree = "<group>"; };
		3874640A2B172013009FAB2C /* TokenError.swift */ = {isa = PBXFileReference; lastKnownFileType = sourcecode.swift; path = TokenError.swift; sourceTree = "<group>"; };
		3874640C2B172208009FAB2C /* UserSigninError.swift */ = {isa = PBXFileReference; lastKnownFileType = sourcecode.swift; path = UserSigninError.swift; sourceTree = "<group>"; };
		387464122B173E2C009FAB2C /* UserJoinError.swift */ = {isa = PBXFileReference; lastKnownFileType = sourcecode.swift; path = UserJoinError.swift; sourceTree = "<group>"; };
		388CFD4C2B0F2ED800638EFD /* NetworkError.swift */ = {isa = PBXFileReference; lastKnownFileType = sourcecode.swift; path = NetworkError.swift; sourceTree = "<group>"; };
		38B5FB142B24D2AE00F91DDA /* RefreshInterceptor.swift */ = {isa = PBXFileReference; lastKnownFileType = sourcecode.swift; path = RefreshInterceptor.swift; sourceTree = "<group>"; };
		38B9203E2B08AAED006CBD1C /* Constant+Network.swift */ = {isa = PBXFileReference; lastKnownFileType = sourcecode.swift; path = "Constant+Network.swift"; sourceTree = "<group>"; };
		38CA8C212B0385AC00A9C4B7 /* SigninTitleLabel.swift */ = {isa = PBXFileReference; lastKnownFileType = sourcecode.swift; path = SigninTitleLabel.swift; sourceTree = "<group>"; };
		38CA8C242B03893300A9C4B7 /* SigninSubtitleLabel.swift */ = {isa = PBXFileReference; lastKnownFileType = sourcecode.swift; path = SigninSubtitleLabel.swift; sourceTree = "<group>"; };
		38CA8C262B038AC000A9C4B7 /* SigninButton.swift */ = {isa = PBXFileReference; lastKnownFileType = sourcecode.swift; path = SigninButton.swift; sourceTree = "<group>"; };
		38CA8C292B038CB000A9C4B7 /* UITextField+.swift */ = {isa = PBXFileReference; lastKnownFileType = sourcecode.swift; path = "UITextField+.swift"; sourceTree = "<group>"; };
		38D4066A2B0B29E000B6F783 /* SecureTextButton.swift */ = {isa = PBXFileReference; lastKnownFileType = sourcecode.swift; path = SecureTextButton.swift; sourceTree = "<group>"; };
		38D4066C2B0B40DE00B6F783 /* String+.swift */ = {isa = PBXFileReference; lastKnownFileType = sourcecode.swift; path = "String+.swift"; sourceTree = "<group>"; };
		38EE8A812B04D0AC00E629CC /* UserJoinViewModel.swift */ = {isa = PBXFileReference; lastKnownFileType = sourcecode.swift; path = UserJoinViewModel.swift; sourceTree = "<group>"; };
		38EE8A832B04D29000E629CC /* ViewModel.swift */ = {isa = PBXFileReference; lastKnownFileType = sourcecode.swift; path = ViewModel.swift; sourceTree = "<group>"; };
		38EE8A962B0632AD00E629CC /* APIManager.swift */ = {isa = PBXFileReference; lastKnownFileType = sourcecode.swift; path = APIManager.swift; sourceTree = "<group>"; };
		38EE8A992B06338800E629CC /* MementoAPI.swift */ = {isa = PBXFileReference; lastKnownFileType = sourcecode.swift; path = MementoAPI.swift; sourceTree = "<group>"; };
		38EE8A9E2B06387900E629CC /* APIKey.swift */ = {isa = PBXFileReference; lastKnownFileType = sourcecode.swift; path = APIKey.swift; sourceTree = "<group>"; };
/* End PBXFileReference section */

/* Begin PBXFrameworksBuildPhase section */
		3847EC0A2B022C1200E086EB /* Frameworks */ = {
			isa = PBXFrameworksBuildPhase;
			buildActionMask = 2147483647;
			files = (
				38EE8A7D2B04CD4E00E629CC /* RxSwift in Frameworks */,
				38EE8A7B2B04CD4E00E629CC /* RxCocoa in Frameworks */,
				386FCDC92B22E2FB00822DFD /* RxGesture in Frameworks */,
				38EE8A802B04CE2900E629CC /* Moya in Frameworks */,
			);
			runOnlyForDeploymentPostprocessing = 0;
		};
/* End PBXFrameworksBuildPhase section */

/* Begin PBXGroup section */
		380646F32B2075E6001B375D /* Tests */ = {
			isa = PBXGroup;
			children = (
				380646F42B207619001B375D /* MockData.swift */,
			);
			path = Tests;
			sourceTree = "<group>";
		};
		380646F62B2084DD001B375D /* StoryContent */ = {
			isa = PBXGroup;
			children = (
				380646F82B2084F1001B375D /* StoryListUseCase.swift */,
			);
			path = StoryContent;
			sourceTree = "<group>";
		};
		380646FE2B21CCF8001B375D /* StoryUpload */ = {
			isa = PBXGroup;
			children = (
				380647022B21CD7F001B375D /* StoryUploadCoordinator.swift */,
				380646FF2B21CD1D001B375D /* StoryUploadViewController.swift */,
				386FCD8C2B21EFBA00822DFD /* StoryUploadViewModel.swift */,
			);
			path = StoryUpload;
			sourceTree = "<group>";
		};
		380647042B21D0D3001B375D /* StoryUpload */ = {
			isa = PBXGroup;
			children = (
				380647052B21D0E9001B375D /* StoryUploadHeaderView.swift */,
			);
			path = StoryUpload;
			sourceTree = "<group>";
		};
		38318DB52B1C6F56000EED65 /* UserAuth */ = {
			isa = PBXGroup;
			children = (
				383ECFD82B15C48D004675E1 /* JoinButton.swift */,
				38D4066A2B0B29E000B6F783 /* SecureTextButton.swift */,
				38CA8C262B038AC000A9C4B7 /* SigninButton.swift */,
				38CA8C242B03893300A9C4B7 /* SigninSubtitleLabel.swift */,
				3847EC472B02578900E086EB /* SigninTextField.swift */,
				38CA8C212B0385AC00A9C4B7 /* SigninTitleLabel.swift */,
			);
			path = UserAuth;
			sourceTree = "<group>";
		};
		38318DB62B1C6F62000EED65 /* StoryContent */ = {
			isa = PBXGroup;
			children = (
				38318DC52B1CFE47000EED65 /* SeparatorView.swift */,
				38318DD32B1ED72B000EED65 /* StoryItemCollectionViewCell.swift */,
				38318DD82B1F3AF8000EED65 /* StoryItemFooterView.swift */,
				38318DC82B1DB666000EED65 /* StoryItemHeaderView.swift */,
				38318DCD2B1E3A15000EED65 /* StoryItemView.swift */,
				38318DC02B1CE3EB000EED65 /* StoryListCollectionViewCell.swift */,
				38318DAF2B1C5C73000EED65 /* StoryListHeaderView.swift */,
				38318DBA2B1C8F58000EED65 /* StoryListView.swift */,
			);
			path = StoryContent;
			sourceTree = "<group>";
		};
		3840F6912B1865E800C488B6 /* Remote */ = {
			isa = PBXGroup;
			children = (
				386309622B147637001973AA /* UserAuthRepository.swift */,
				38318DE82B20473D000EED65 /* StoryPostRepository.swift */,
			);
			path = Remote;
			sourceTree = "<group>";
		};
		3847EC042B022C1200E086EB = {
			isa = PBXGroup;
			children = (
				3847EC3B2B02388900E086EB /* README.md */,
				3847EC242B022C1E00E086EB /* .gitignore */,
				3847EC0F2B022C1200E086EB /* MementoMori */,
				3847EC0E2B022C1200E086EB /* Products */,
			);
			sourceTree = "<group>";
		};
		3847EC0E2B022C1200E086EB /* Products */ = {
			isa = PBXGroup;
			children = (
				3847EC0D2B022C1200E086EB /* MementoMori.app */,
			);
			name = Products;
			sourceTree = "<group>";
		};
		3847EC0F2B022C1200E086EB /* MementoMori */ = {
			isa = PBXGroup;
			children = (
				3847EC282B022C8200E086EB /* Resources */,
				3863091E2B131141001973AA /* Sources */,
				3847EC2A2B022F6C00E086EB /* Utilities */,
			);
			path = MementoMori;
			sourceTree = "<group>";
		};
		3847EC262B022C6F00E086EB /* Application */ = {
			isa = PBXGroup;
			children = (
				387463E12B163E86009FAB2C /* Coordinator */,
				387463E22B163E8C009FAB2C /* Delegate */,
			);
			path = Application;
			sourceTree = "<group>";
		};
		3847EC272B022C7900E086EB /* Presentation */ = {
			isa = PBXGroup;
			children = (
				38EE8A772B04B65800E629CC /* Common */,
				387463D92B163BE8009FAB2C /* StoryContent */,
				380646FE2B21CCF8001B375D /* StoryUpload */,
				386309532B14672E001973AA /* UserAuth */,
			);
			path = Presentation;
			sourceTree = "<group>";
		};
		3847EC282B022C8200E086EB /* Resources */ = {
			isa = PBXGroup;
			children = (
				3847EC292B022C9000E086EB /* AppInfo */,
			);
			path = Resources;
			sourceTree = "<group>";
		};
		3847EC292B022C9000E086EB /* AppInfo */ = {
			isa = PBXGroup;
			children = (
				3847EC192B022C1400E086EB /* Assets.xcassets */,
				3847EC1B2B022C1400E086EB /* LaunchScreen.storyboard */,
				3847EC1E2B022C1400E086EB /* Info.plist */,
			);
			path = AppInfo;
			sourceTree = "<group>";
		};
		3847EC2A2B022F6C00E086EB /* Utilities */ = {
			isa = PBXGroup;
			children = (
				380646F32B2075E6001B375D /* Tests */,
				3847EC302B022FF000E086EB /* Constants */,
				3847EC2B2B022F8000E086EB /* Extensions */,
			);
			path = Utilities;
			sourceTree = "<group>";
		};
		3847EC2B2B022F8000E086EB /* Extensions */ = {
			isa = PBXGroup;
			children = (
				38D4066C2B0B40DE00B6F783 /* String+.swift */,
				38318DB72B1C73AE000EED65 /* UICollectionViewLayout+.swift */,
				3847EC362B02307100E086EB /* UINavigationController+.swift */,
				3847EC2E2B022FCE00E086EB /* UITabBarController+.swift */,
				38CA8C292B038CB000A9C4B7 /* UITextField+.swift */,
				380646FC2B20D1FA001B375D /* UIViewController+Reactive.swift */,
				386FCD8A2B21DA8200822DFD /* UIImagePicker+Reactive.swift */,
			);
			path = Extensions;
			sourceTree = "<group>";
		};
		3847EC302B022FF000E086EB /* Constants */ = {
			isa = PBXGroup;
			children = (
				3847EC312B022FF800E086EB /* Constant.swift */,
				38B9203E2B08AAED006CBD1C /* Constant+Network.swift */,
				3847EC342B02303200E086EB /* Constant+UI.swift */,
			);
			path = Constants;
			sourceTree = "<group>";
		};
		3847EC422B02527700E086EB /* Base */ = {
			isa = PBXGroup;
			children = (
				38318DC22B1CE9EF000EED65 /* BaseCollectionViewCell.swift */,
				38318DBE2B1CD2D7000EED65 /* BaseView.swift */,
				3847EC432B0252B200E086EB /* BaseViewController.swift */,
				3863093B2B141C93001973AA /* Coordinator.swift */,
				387463CE2B160815009FAB2C /* TabBar.swift */,
				38EE8A832B04D29000E629CC /* ViewModel.swift */,
			);
			path = Base;
			sourceTree = "<group>";
		};
		3847EC452B02566000E086EB /* Custom */ = {
			isa = PBXGroup;
			children = (
				38318DB62B1C6F62000EED65 /* StoryContent */,
				380647042B21D0D3001B375D /* StoryUpload */,
				38318DB52B1C6F56000EED65 /* UserAuth */,
			);
			path = Custom;
			sourceTree = "<group>";
		};
		385F93F82B1968000021D548 /* Local */ = {
			isa = PBXGroup;
			children = (
				387463FF2B170B18009FAB2C /* KeychainRepositoryProtocol.swift */,
			);
			path = Local;
			sourceTree = "<group>";
		};
		385F93F92B1968030021D548 /* Remote */ = {
			isa = PBXGroup;
			children = (
				386309262B132A5A001973AA /* UserAuthRepositoryProtocol.swift */,
				38318DDA2B1F54C2000EED65 /* StoryPostRepositoryProtocol.swift */,
			);
			path = Remote;
			sourceTree = "<group>";
		};
		3863091E2B131141001973AA /* Sources */ = {
			isa = PBXGroup;
			children = (
				3847EC262B022C6F00E086EB /* Application */,
				3863092B2B1350E5001973AA /* Data */,
				38EE8A912B0631A500E629CC /* Domain */,
				3847EC272B022C7900E086EB /* Presentation */,
			);
			path = Sources;
			sourceTree = "<group>";
		};
		3863091F2B1311DA001973AA /* Entities */ = {
			isa = PBXGroup;
			children = (
				38318DD62B1EDEC8000EED65 /* StoryImage.swift */,
				38318DBC2B1C97CE000EED65 /* StoryPost.swift */,
				386309302B135752001973AA /* User.swift */,
			);
			path = Entities;
			sourceTree = "<group>";
		};
		386309252B132A14001973AA /* RepositoryProtocol */ = {
			isa = PBXGroup;
			children = (
				385F93F82B1968000021D548 /* Local */,
				385F93F92B1968030021D548 /* Remote */,
			);
			path = RepositoryProtocol;
			sourceTree = "<group>";
		};
		386309282B1340D2001973AA /* UseCases */ = {
			isa = PBXGroup;
			children = (
				3863095F2B147029001973AA /* Protocol */,
				380646F62B2084DD001B375D /* StoryContent */,
				386309642B1483B5001973AA /* UserAuth */,
			);
			path = UseCases;
			sourceTree = "<group>";
		};
		3863092B2B1350E5001973AA /* Data */ = {
			isa = PBXGroup;
			children = (
				3863092F2B135740001973AA /* DataMapping */,
				387464042B1714EE009FAB2C /* DataSources */,
				3863092C2B1350FB001973AA /* Repositories */,
			);
			path = Data;
			sourceTree = "<group>";
		};
		3863092C2B1350FB001973AA /* Repositories */ = {
			isa = PBXGroup;
			children = (
				387464052B1714F6009FAB2C /* Local */,
				3840F6912B1865E800C488B6 /* Remote */,
			);
			path = Repositories;
			sourceTree = "<group>";
		};
		3863092F2B135740001973AA /* DataMapping */ = {
			isa = PBXGroup;
			children = (
				386309372B135C86001973AA /* EmailValidationDTO.swift */,
				386309322B1357A8001973AA /* UserJoinDTO.swift */,
				383ECFDB2B15CB29004675E1 /* UserSigninDTO.swift */,
				38318DA72B1A11EB000EED65 /* RefreshTokenDTO.swift */,
				38318DDC2B1F55BB000EED65 /* StoryCreateDTO.swift */,
				38318DDE2B203645000EED65 /* StoryReadDTO.swift */,
				38318DE02B2037EB000EED65 /* Story.swift */,
				38318DE22B20380A000EED65 /* Creator.swift */,
			);
			path = DataMapping;
			sourceTree = "<group>";
		};
		386309532B14672E001973AA /* UserAuth */ = {
			isa = PBXGroup;
			children = (
				386309552B146757001973AA /* UserAuthCoordinator.swift */,
				387463DB2B163C0D009FAB2C /* UserJoin */,
				387463DC2B163C26009FAB2C /* UserSignin */,
			);
			path = UserAuth;
			sourceTree = "<group>";
		};
		3863095F2B147029001973AA /* Protocol */ = {
			isa = PBXGroup;
			children = (
				380646FA2B20872E001B375D /* StoryListUseCaseProtocol.swift */,
				386309292B1340ED001973AA /* UserJoinUseCaseProtocol.swift */,
				383ECFD62B15BF2B004675E1 /* UserSigninUseCaseProtocol.swift */,
			);
			path = Protocol;
			sourceTree = "<group>";
		};
		386309642B1483B5001973AA /* UserAuth */ = {
			isa = PBXGroup;
			children = (
				386309602B14703E001973AA /* UserJoinUseCase.swift */,
				383ECFD42B15BF01004675E1 /* UserSigninUseCase.swift */,
			);
			path = UserAuth;
			sourceTree = "<group>";
		};
		387463D92B163BE8009FAB2C /* StoryContent */ = {
			isa = PBXGroup;
			children = (
				387463DD2B163C54009FAB2C /* StoryContentCoordinator.swift */,
				387463DA2B163C01009FAB2C /* StoryList */,
			);
			path = StoryContent;
			sourceTree = "<group>";
		};
		387463DA2B163C01009FAB2C /* StoryList */ = {
			isa = PBXGroup;
			children = (
				387463DF2B163C74009FAB2C /* StoryListViewController.swift */,
				38318DCB2B1E35DB000EED65 /* StoryListViewModel.swift */,
			);
			path = StoryList;
			sourceTree = "<group>";
		};
		387463DB2B163C0D009FAB2C /* UserJoin */ = {
			isa = PBXGroup;
			children = (
				3847EC3F2B0251A500E086EB /* UserJoinViewController.swift */,
				38EE8A812B04D0AC00E629CC /* UserJoinViewModel.swift */,
			);
			path = UserJoin;
			sourceTree = "<group>";
		};
		387463DC2B163C26009FAB2C /* UserSignin */ = {
			isa = PBXGroup;
			children = (
				383ECFD02B15B437004675E1 /* UserSigninViewController.swift */,
				383ECFD22B15B76A004675E1 /* UserSigninViewModel.swift */,
			);
			path = UserSignin;
			sourceTree = "<group>";
		};
		387463E12B163E86009FAB2C /* Coordinator */ = {
			isa = PBXGroup;
			children = (
				3863094D2B1457B9001973AA /* AppCoordinator.swift */,
				386309512B145C77001973AA /* TabBarCoordinator.swift */,
			);
			path = Coordinator;
			sourceTree = "<group>";
		};
		387463E22B163E8C009FAB2C /* Delegate */ = {
			isa = PBXGroup;
			children = (
				3847EC102B022C1200E086EB /* AppDelegate.swift */,
				3847EC122B022C1200E086EB /* SceneDelegate.swift */,
			);
			path = Delegate;
			sourceTree = "<group>";
		};
		387464042B1714EE009FAB2C /* DataSources */ = {
			isa = PBXGroup;
			children = (
				387464112B172CF0009FAB2C /* Error */,
				387464072B171D28009FAB2C /* Remote */,
			);
			path = DataSources;
			sourceTree = "<group>";
		};
		387464052B1714F6009FAB2C /* Local */ = {
			isa = PBXGroup;
			children = (
				387464012B170C3B009FAB2C /* KeychainRepository.swift */,
			);
			path = Local;
			sourceTree = "<group>";
		};
		387464072B171D28009FAB2C /* Remote */ = {
			isa = PBXGroup;
			children = (
				38EE8A9E2B06387900E629CC /* APIKey.swift */,
				38EE8A962B0632AD00E629CC /* APIManager.swift */,
				3840F68D2B185FA800C488B6 /* APIResult.swift */,
				38EE8A992B06338800E629CC /* MementoAPI.swift */,
				38B5FB142B24D2AE00F91DDA /* RefreshInterceptor.swift */,
			);
			path = Remote;
			sourceTree = "<group>";
		};
		387464112B172CF0009FAB2C /* Error */ = {
			isa = PBXGroup;
			children = (
				388CFD4C2B0F2ED800638EFD /* NetworkError.swift */,
				3859E5552B18C31000987F75 /* RefreshError.swift */,
				387464082B171D70009FAB2C /* ReusableError.swift */,
				3874640A2B172013009FAB2C /* TokenError.swift */,
				387464122B173E2C009FAB2C /* UserJoinError.swift */,
				3874640C2B172208009FAB2C /* UserSigninError.swift */,
				38318DE42B20411A000EED65 /* StoryCreateError.swift */,
				38318DE62B204286000EED65 /* StoryReadError.swift */,
			);
			path = Error;
			sourceTree = "<group>";
		};
		38EE8A772B04B65800E629CC /* Common */ = {
			isa = PBXGroup;
			children = (
				3847EC422B02527700E086EB /* Base */,
				3847EC452B02566000E086EB /* Custom */,
			);
			path = Common;
			sourceTree = "<group>";
		};
		38EE8A912B0631A500E629CC /* Domain */ = {
			isa = PBXGroup;
			children = (
				3863091F2B1311DA001973AA /* Entities */,
				386309252B132A14001973AA /* RepositoryProtocol */,
				386309282B1340D2001973AA /* UseCases */,
			);
			path = Domain;
			sourceTree = "<group>";
		};
/* End PBXGroup section */

/* Begin PBXNativeTarget section */
		3847EC0C2B022C1200E086EB /* MementoMori */ = {
			isa = PBXNativeTarget;
			buildConfigurationList = 3847EC212B022C1400E086EB /* Build configuration list for PBXNativeTarget "MementoMori" */;
			buildPhases = (
				3847EC092B022C1200E086EB /* Sources */,
				3847EC0A2B022C1200E086EB /* Frameworks */,
				3847EC0B2B022C1200E086EB /* Resources */,
			);
			buildRules = (
			);
			dependencies = (
			);
			name = MementoMori;
			packageProductDependencies = (
				38EE8A7A2B04CD4E00E629CC /* RxCocoa */,
				38EE8A7C2B04CD4E00E629CC /* RxSwift */,
				38EE8A7F2B04CE2900E629CC /* Moya */,
				386FCDC82B22E2FB00822DFD /* RxGesture */,
			);
			productName = MementoMori;
			productReference = 3847EC0D2B022C1200E086EB /* MementoMori.app */;
			productType = "com.apple.product-type.application";
		};
/* End PBXNativeTarget section */

/* Begin PBXProject section */
		3847EC052B022C1200E086EB /* Project object */ = {
			isa = PBXProject;
			attributes = {
				BuildIndependentTargetsInParallel = 1;
				LastSwiftUpdateCheck = 1430;
				LastUpgradeCheck = 1430;
				TargetAttributes = {
					3847EC0C2B022C1200E086EB = {
						CreatedOnToolsVersion = 14.3.1;
					};
				};
			};
			buildConfigurationList = 3847EC082B022C1200E086EB /* Build configuration list for PBXProject "MementoMori" */;
			compatibilityVersion = "Xcode 14.0";
			developmentRegion = en;
			hasScannedForEncodings = 0;
			knownRegions = (
				en,
				Base,
			);
			mainGroup = 3847EC042B022C1200E086EB;
			packageReferences = (
				38EE8A792B04CD4E00E629CC /* XCRemoteSwiftPackageReference "RxSwift" */,
				38EE8A7E2B04CE2900E629CC /* XCRemoteSwiftPackageReference "Moya" */,
				386FCDC72B22E2FB00822DFD /* XCRemoteSwiftPackageReference "RxGesture" */,
			);
			productRefGroup = 3847EC0E2B022C1200E086EB /* Products */;
			projectDirPath = "";
			projectRoot = "";
			targets = (
				3847EC0C2B022C1200E086EB /* MementoMori */,
			);
		};
/* End PBXProject section */

/* Begin PBXResourcesBuildPhase section */
		3847EC0B2B022C1200E086EB /* Resources */ = {
			isa = PBXResourcesBuildPhase;
			buildActionMask = 2147483647;
			files = (
				3847EC252B022C1E00E086EB /* .gitignore in Resources */,
				3847EC1D2B022C1400E086EB /* LaunchScreen.storyboard in Resources */,
				3847EC3C2B02388900E086EB /* README.md in Resources */,
				3847EC1A2B022C1400E086EB /* Assets.xcassets in Resources */,
			);
			runOnlyForDeploymentPostprocessing = 0;
		};
/* End PBXResourcesBuildPhase section */

/* Begin PBXSourcesBuildPhase section */
		3847EC092B022C1200E086EB /* Sources */ = {
			isa = PBXSourcesBuildPhase;
			buildActionMask = 2147483647;
			files = (
				38318DB82B1C73AE000EED65 /* UICollectionViewLayout+.swift in Sources */,
				3859E5562B18C31000987F75 /* RefreshError.swift in Sources */,
				38318DE52B20411A000EED65 /* StoryCreateError.swift in Sources */,
				38318DB02B1C5C73000EED65 /* StoryListHeaderView.swift in Sources */,
				380646F52B207619001B375D /* MockData.swift in Sources */,
				38CA8C252B03893300A9C4B7 /* SigninSubtitleLabel.swift in Sources */,
				3847EC372B02307100E086EB /* UINavigationController+.swift in Sources */,
				3847EC322B022FF800E086EB /* Constant.swift in Sources */,
				386309272B132A5A001973AA /* UserAuthRepositoryProtocol.swift in Sources */,
				387464022B170C3B009FAB2C /* KeychainRepository.swift in Sources */,
				3863093C2B141C93001973AA /* Coordinator.swift in Sources */,
				387463DE2B163C54009FAB2C /* StoryContentCoordinator.swift in Sources */,
				386309562B146757001973AA /* UserAuthCoordinator.swift in Sources */,
				38318DA82B1A11EB000EED65 /* RefreshTokenDTO.swift in Sources */,
				38318DE32B20380A000EED65 /* Creator.swift in Sources */,
				380647002B21CD1D001B375D /* StoryUploadViewController.swift in Sources */,
				386FCD8B2B21DA8200822DFD /* UIImagePicker+Reactive.swift in Sources */,
				380647062B21D0E9001B375D /* StoryUploadHeaderView.swift in Sources */,
				38EE8A822B04D0AC00E629CC /* UserJoinViewModel.swift in Sources */,
				380647032B21CD7F001B375D /* StoryUploadCoordinator.swift in Sources */,
				3863092A2B1340ED001973AA /* UserJoinUseCaseProtocol.swift in Sources */,
				38318DE92B20473D000EED65 /* StoryPostRepository.swift in Sources */,
				38318DCC2B1E35DB000EED65 /* StoryListViewModel.swift in Sources */,
				38D4066B2B0B29E000B6F783 /* SecureTextButton.swift in Sources */,
				386309312B135752001973AA /* User.swift in Sources */,
				380646FD2B20D1FA001B375D /* UIViewController+Reactive.swift in Sources */,
				38318DDF2B203645000EED65 /* StoryReadDTO.swift in Sources */,
				3847EC482B02578900E086EB /* SigninTextField.swift in Sources */,
				38318DC62B1CFE47000EED65 /* SeparatorView.swift in Sources */,
				383ECFD32B15B76A004675E1 /* UserSigninViewModel.swift in Sources */,
				383ECFDC2B15CB29004675E1 /* UserSigninDTO.swift in Sources */,
				38CA8C222B0385AC00A9C4B7 /* SigninTitleLabel.swift in Sources */,
				38CA8C272B038AC000A9C4B7 /* SigninButton.swift in Sources */,
				380646F92B2084F1001B375D /* StoryListUseCase.swift in Sources */,
				38318DC32B1CE9EF000EED65 /* BaseCollectionViewCell.swift in Sources */,
				3874640D2B172208009FAB2C /* UserSigninError.swift in Sources */,
				386309612B14703E001973AA /* UserJoinUseCase.swift in Sources */,
				386FCD8D2B21EFBA00822DFD /* StoryUploadViewModel.swift in Sources */,
				38EE8A9A2B06338800E629CC /* MementoAPI.swift in Sources */,
				3847EC2F2B022FCE00E086EB /* UITabBarController+.swift in Sources */,
				3874640B2B172013009FAB2C /* TokenError.swift in Sources */,
				3847EC352B02303200E086EB /* Constant+UI.swift in Sources */,
				383ECFD52B15BF01004675E1 /* UserSigninUseCase.swift in Sources */,
				3840F68E2B185FA800C488B6 /* APIResult.swift in Sources */,
				387464132B173E2C009FAB2C /* UserJoinError.swift in Sources */,
				383ECFD72B15BF2B004675E1 /* UserSigninUseCaseProtocol.swift in Sources */,
				38CA8C2A2B038CB000A9C4B7 /* UITextField+.swift in Sources */,
				380646FB2B20872E001B375D /* StoryListUseCaseProtocol.swift in Sources */,
				386309382B135C86001973AA /* EmailValidationDTO.swift in Sources */,
				3863094E2B1457B9001973AA /* AppCoordinator.swift in Sources */,
				38318DDB2B1F54C2000EED65 /* StoryPostRepositoryProtocol.swift in Sources */,
				386309522B145C77001973AA /* TabBarCoordinator.swift in Sources */,
				386309332B1357A8001973AA /* UserJoinDTO.swift in Sources */,
				38318DD92B1F3AF8000EED65 /* StoryItemFooterView.swift in Sources */,
				38EE8A972B0632AD00E629CC /* APIManager.swift in Sources */,
				38EE8A9F2B06387900E629CC /* APIKey.swift in Sources */,
				38318DE72B204286000EED65 /* StoryReadError.swift in Sources */,
				38318DDD2B1F55BB000EED65 /* StoryCreateDTO.swift in Sources */,
				38318DCE2B1E3A15000EED65 /* StoryItemView.swift in Sources */,
				386309632B147637001973AA /* UserAuthRepository.swift in Sources */,
				38318DC92B1DB666000EED65 /* StoryItemHeaderView.swift in Sources */,
				38318DBF2B1CD2D8000EED65 /* BaseView.swift in Sources */,
				383ECFD12B15B437004675E1 /* UserSigninViewController.swift in Sources */,
				3847EC442B0252B200E086EB /* BaseViewController.swift in Sources */,
				38318DD72B1EDEC8000EED65 /* StoryImage.swift in Sources */,
				387463E02B163C74009FAB2C /* StoryListViewController.swift in Sources */,
				38EE8A842B04D29000E629CC /* ViewModel.swift in Sources */,
				3847EC112B022C1200E086EB /* AppDelegate.swift in Sources */,
				388CFD4D2B0F2ED900638EFD /* NetworkError.swift in Sources */,
				38318DE12B2037EB000EED65 /* Story.swift in Sources */,
				3847EC132B022C1200E086EB /* SceneDelegate.swift in Sources */,
				38318DC12B1CE3EC000EED65 /* StoryListCollectionViewCell.swift in Sources */,
				38D4066D2B0B40DE00B6F783 /* String+.swift in Sources */,
				387464002B170B18009FAB2C /* KeychainRepositoryProtocol.swift in Sources */,
				387464092B171D70009FAB2C /* ReusableError.swift in Sources */,
				38B9203F2B08AAED006CBD1C /* Constant+Network.swift in Sources */,
				38318DBD2B1C97CE000EED65 /* StoryPost.swift in Sources */,
				387463CF2B160815009FAB2C /* TabBar.swift in Sources */,
				38318DD42B1ED72B000EED65 /* StoryItemCollectionViewCell.swift in Sources */,
				3847EC402B0251A500E086EB /* UserJoinViewController.swift in Sources */,
				38B5FB152B24D2AE00F91DDA /* RefreshInterceptor.swift in Sources */,
				38318DBB2B1C8F58000EED65 /* StoryListView.swift in Sources */,
				383ECFD92B15C48D004675E1 /* JoinButton.swift in Sources */,
			);
			runOnlyForDeploymentPostprocessing = 0;
		};
/* End PBXSourcesBuildPhase section */

/* Begin PBXVariantGroup section */
		3847EC1B2B022C1400E086EB /* LaunchScreen.storyboard */ = {
			isa = PBXVariantGroup;
			children = (
				3847EC1C2B022C1400E086EB /* Base */,
			);
			name = LaunchScreen.storyboard;
			sourceTree = "<group>";
		};
/* End PBXVariantGroup section */

/* Begin XCBuildConfiguration section */
		3847EC1F2B022C1400E086EB /* Debug */ = {
			isa = XCBuildConfiguration;
			buildSettings = {
				ALWAYS_SEARCH_USER_PATHS = NO;
				CLANG_ANALYZER_NONNULL = YES;
				CLANG_ANALYZER_NUMBER_OBJECT_CONVERSION = YES_AGGRESSIVE;
				CLANG_CXX_LANGUAGE_STANDARD = "gnu++20";
				CLANG_ENABLE_MODULES = YES;
				CLANG_ENABLE_OBJC_ARC = YES;
				CLANG_ENABLE_OBJC_WEAK = YES;
				CLANG_WARN_BLOCK_CAPTURE_AUTORELEASING = YES;
				CLANG_WARN_BOOL_CONVERSION = YES;
				CLANG_WARN_COMMA = YES;
				CLANG_WARN_CONSTANT_CONVERSION = YES;
				CLANG_WARN_DEPRECATED_OBJC_IMPLEMENTATIONS = YES;
				CLANG_WARN_DIRECT_OBJC_ISA_USAGE = YES_ERROR;
				CLANG_WARN_DOCUMENTATION_COMMENTS = YES;
				CLANG_WARN_EMPTY_BODY = YES;
				CLANG_WARN_ENUM_CONVERSION = YES;
				CLANG_WARN_INFINITE_RECURSION = YES;
				CLANG_WARN_INT_CONVERSION = YES;
				CLANG_WARN_NON_LITERAL_NULL_CONVERSION = YES;
				CLANG_WARN_OBJC_IMPLICIT_RETAIN_SELF = YES;
				CLANG_WARN_OBJC_LITERAL_CONVERSION = YES;
				CLANG_WARN_OBJC_ROOT_CLASS = YES_ERROR;
				CLANG_WARN_QUOTED_INCLUDE_IN_FRAMEWORK_HEADER = YES;
				CLANG_WARN_RANGE_LOOP_ANALYSIS = YES;
				CLANG_WARN_STRICT_PROTOTYPES = YES;
				CLANG_WARN_SUSPICIOUS_MOVE = YES;
				CLANG_WARN_UNGUARDED_AVAILABILITY = YES_AGGRESSIVE;
				CLANG_WARN_UNREACHABLE_CODE = YES;
				CLANG_WARN__DUPLICATE_METHOD_MATCH = YES;
				COPY_PHASE_STRIP = NO;
				DEBUG_INFORMATION_FORMAT = dwarf;
				ENABLE_STRICT_OBJC_MSGSEND = YES;
				ENABLE_TESTABILITY = YES;
				GCC_C_LANGUAGE_STANDARD = gnu11;
				GCC_DYNAMIC_NO_PIC = NO;
				GCC_NO_COMMON_BLOCKS = YES;
				GCC_OPTIMIZATION_LEVEL = 0;
				GCC_PREPROCESSOR_DEFINITIONS = (
					"DEBUG=1",
					"$(inherited)",
				);
				GCC_WARN_64_TO_32_BIT_CONVERSION = YES;
				GCC_WARN_ABOUT_RETURN_TYPE = YES_ERROR;
				GCC_WARN_UNDECLARED_SELECTOR = YES;
				GCC_WARN_UNINITIALIZED_AUTOS = YES_AGGRESSIVE;
				GCC_WARN_UNUSED_FUNCTION = YES;
				GCC_WARN_UNUSED_VARIABLE = YES;
				IPHONEOS_DEPLOYMENT_TARGET = 16.4;
				MTL_ENABLE_DEBUG_INFO = INCLUDE_SOURCE;
				MTL_FAST_MATH = YES;
				ONLY_ACTIVE_ARCH = YES;
				SDKROOT = iphoneos;
				SWIFT_ACTIVE_COMPILATION_CONDITIONS = DEBUG;
				SWIFT_OPTIMIZATION_LEVEL = "-Onone";
			};
			name = Debug;
		};
		3847EC202B022C1400E086EB /* Release */ = {
			isa = XCBuildConfiguration;
			buildSettings = {
				ALWAYS_SEARCH_USER_PATHS = NO;
				CLANG_ANALYZER_NONNULL = YES;
				CLANG_ANALYZER_NUMBER_OBJECT_CONVERSION = YES_AGGRESSIVE;
				CLANG_CXX_LANGUAGE_STANDARD = "gnu++20";
				CLANG_ENABLE_MODULES = YES;
				CLANG_ENABLE_OBJC_ARC = YES;
				CLANG_ENABLE_OBJC_WEAK = YES;
				CLANG_WARN_BLOCK_CAPTURE_AUTORELEASING = YES;
				CLANG_WARN_BOOL_CONVERSION = YES;
				CLANG_WARN_COMMA = YES;
				CLANG_WARN_CONSTANT_CONVERSION = YES;
				CLANG_WARN_DEPRECATED_OBJC_IMPLEMENTATIONS = YES;
				CLANG_WARN_DIRECT_OBJC_ISA_USAGE = YES_ERROR;
				CLANG_WARN_DOCUMENTATION_COMMENTS = YES;
				CLANG_WARN_EMPTY_BODY = YES;
				CLANG_WARN_ENUM_CONVERSION = YES;
				CLANG_WARN_INFINITE_RECURSION = YES;
				CLANG_WARN_INT_CONVERSION = YES;
				CLANG_WARN_NON_LITERAL_NULL_CONVERSION = YES;
				CLANG_WARN_OBJC_IMPLICIT_RETAIN_SELF = YES;
				CLANG_WARN_OBJC_LITERAL_CONVERSION = YES;
				CLANG_WARN_OBJC_ROOT_CLASS = YES_ERROR;
				CLANG_WARN_QUOTED_INCLUDE_IN_FRAMEWORK_HEADER = YES;
				CLANG_WARN_RANGE_LOOP_ANALYSIS = YES;
				CLANG_WARN_STRICT_PROTOTYPES = YES;
				CLANG_WARN_SUSPICIOUS_MOVE = YES;
				CLANG_WARN_UNGUARDED_AVAILABILITY = YES_AGGRESSIVE;
				CLANG_WARN_UNREACHABLE_CODE = YES;
				CLANG_WARN__DUPLICATE_METHOD_MATCH = YES;
				COPY_PHASE_STRIP = NO;
				DEBUG_INFORMATION_FORMAT = "dwarf-with-dsym";
				ENABLE_NS_ASSERTIONS = NO;
				ENABLE_STRICT_OBJC_MSGSEND = YES;
				GCC_C_LANGUAGE_STANDARD = gnu11;
				GCC_NO_COMMON_BLOCKS = YES;
				GCC_WARN_64_TO_32_BIT_CONVERSION = YES;
				GCC_WARN_ABOUT_RETURN_TYPE = YES_ERROR;
				GCC_WARN_UNDECLARED_SELECTOR = YES;
				GCC_WARN_UNINITIALIZED_AUTOS = YES_AGGRESSIVE;
				GCC_WARN_UNUSED_FUNCTION = YES;
				GCC_WARN_UNUSED_VARIABLE = YES;
				IPHONEOS_DEPLOYMENT_TARGET = 16.4;
				MTL_ENABLE_DEBUG_INFO = NO;
				MTL_FAST_MATH = YES;
				SDKROOT = iphoneos;
				SWIFT_COMPILATION_MODE = wholemodule;
				SWIFT_OPTIMIZATION_LEVEL = "-O";
				VALIDATE_PRODUCT = YES;
			};
			name = Release;
		};
		3847EC222B022C1400E086EB /* Debug */ = {
			isa = XCBuildConfiguration;
			buildSettings = {
				ASSETCATALOG_COMPILER_APPICON_NAME = AppIcon;
				ASSETCATALOG_COMPILER_GLOBAL_ACCENT_COLOR_NAME = AccentColor;
				CODE_SIGN_STYLE = Automatic;
				CURRENT_PROJECT_VERSION = "20231120-01";
				DEVELOPMENT_TEAM = 3UNP2C529F;
				GENERATE_INFOPLIST_FILE = YES;
				INFOPLIST_FILE = MementoMori/Resources/AppInfo/Info.plist;
				INFOPLIST_KEY_CFBundleDisplayName = "메멘토";
				INFOPLIST_KEY_UIApplicationSupportsIndirectInputEvents = YES;
				INFOPLIST_KEY_UILaunchStoryboardName = LaunchScreen;
				INFOPLIST_KEY_UISupportedInterfaceOrientations = UIInterfaceOrientationPortrait;
				INFOPLIST_KEY_UISupportedInterfaceOrientations_iPad = "UIInterfaceOrientationLandscapeLeft UIInterfaceOrientationLandscapeRight UIInterfaceOrientationPortrait UIInterfaceOrientationPortraitUpsideDown";
				IPHONEOS_DEPLOYMENT_TARGET = 16.0;
				LD_RUNPATH_SEARCH_PATHS = (
					"$(inherited)",
					"@executable_path/Frameworks",
				);
				MARKETING_VERSION = 1.0;
				PRODUCT_BUNDLE_IDENTIFIER = com.andyarchive.MementoMori;
				PRODUCT_NAME = "$(TARGET_NAME)";
				SUPPORTED_PLATFORMS = "iphoneos iphonesimulator";
				SUPPORTS_MACCATALYST = NO;
				SUPPORTS_MAC_DESIGNED_FOR_IPHONE_IPAD = NO;
				SWIFT_EMIT_LOC_STRINGS = YES;
				SWIFT_VERSION = 5.0;
				TARGETED_DEVICE_FAMILY = 1;
			};
			name = Debug;
		};
		3847EC232B022C1400E086EB /* Release */ = {
			isa = XCBuildConfiguration;
			buildSettings = {
				ASSETCATALOG_COMPILER_APPICON_NAME = AppIcon;
				ASSETCATALOG_COMPILER_GLOBAL_ACCENT_COLOR_NAME = AccentColor;
				CODE_SIGN_STYLE = Automatic;
				CURRENT_PROJECT_VERSION = "20231120-01";
				DEVELOPMENT_TEAM = 3UNP2C529F;
				GENERATE_INFOPLIST_FILE = YES;
				INFOPLIST_FILE = MementoMori/Resources/AppInfo/Info.plist;
				INFOPLIST_KEY_CFBundleDisplayName = "메멘토";
				INFOPLIST_KEY_UIApplicationSupportsIndirectInputEvents = YES;
				INFOPLIST_KEY_UILaunchStoryboardName = LaunchScreen;
				INFOPLIST_KEY_UISupportedInterfaceOrientations = UIInterfaceOrientationPortrait;
				INFOPLIST_KEY_UISupportedInterfaceOrientations_iPad = "UIInterfaceOrientationLandscapeLeft UIInterfaceOrientationLandscapeRight UIInterfaceOrientationPortrait UIInterfaceOrientationPortraitUpsideDown";
				IPHONEOS_DEPLOYMENT_TARGET = 16.0;
				LD_RUNPATH_SEARCH_PATHS = (
					"$(inherited)",
					"@executable_path/Frameworks",
				);
				MARKETING_VERSION = 1.0;
				PRODUCT_BUNDLE_IDENTIFIER = com.andyarchive.MementoMori;
				PRODUCT_NAME = "$(TARGET_NAME)";
				SUPPORTED_PLATFORMS = "iphoneos iphonesimulator";
				SUPPORTS_MACCATALYST = NO;
				SUPPORTS_MAC_DESIGNED_FOR_IPHONE_IPAD = NO;
				SWIFT_EMIT_LOC_STRINGS = YES;
				SWIFT_VERSION = 5.0;
				TARGETED_DEVICE_FAMILY = 1;
			};
			name = Release;
		};
/* End XCBuildConfiguration section */

/* Begin XCConfigurationList section */
		3847EC082B022C1200E086EB /* Build configuration list for PBXProject "MementoMori" */ = {
			isa = XCConfigurationList;
			buildConfigurations = (
				3847EC1F2B022C1400E086EB /* Debug */,
				3847EC202B022C1400E086EB /* Release */,
			);
			defaultConfigurationIsVisible = 0;
			defaultConfigurationName = Release;
		};
		3847EC212B022C1400E086EB /* Build configuration list for PBXNativeTarget "MementoMori" */ = {
			isa = XCConfigurationList;
			buildConfigurations = (
				3847EC222B022C1400E086EB /* Debug */,
				3847EC232B022C1400E086EB /* Release */,
			);
			defaultConfigurationIsVisible = 0;
			defaultConfigurationName = Release;
		};
/* End XCConfigurationList section */

/* Begin XCRemoteSwiftPackageReference section */
		386FCDC72B22E2FB00822DFD /* XCRemoteSwiftPackageReference "RxGesture" */ = {
			isa = XCRemoteSwiftPackageReference;
			repositoryURL = "https://github.com/RxSwiftCommunity/RxGesture.git";
			requirement = {
				kind = upToNextMajorVersion;
				minimumVersion = 4.0.4;
			};
		};
		38EE8A792B04CD4E00E629CC /* XCRemoteSwiftPackageReference "RxSwift" */ = {
			isa = XCRemoteSwiftPackageReference;
			repositoryURL = "https://github.com/ReactiveX/RxSwift.git";
			requirement = {
				kind = upToNextMajorVersion;
				minimumVersion = 6.0.0;
			};
		};
		38EE8A7E2B04CE2900E629CC /* XCRemoteSwiftPackageReference "Moya" */ = {
			isa = XCRemoteSwiftPackageReference;
			repositoryURL = "https://github.com/Moya/Moya.git";
			requirement = {
				kind = upToNextMajorVersion;
				minimumVersion = 15.0.0;
			};
		};
/* End XCRemoteSwiftPackageReference section */

/* Begin XCSwiftPackageProductDependency section */
		386FCDC82B22E2FB00822DFD /* RxGesture */ = {
			isa = XCSwiftPackageProductDependency;
			package = 386FCDC72B22E2FB00822DFD /* XCRemoteSwiftPackageReference "RxGesture" */;
			productName = RxGesture;
		};
		38EE8A7A2B04CD4E00E629CC /* RxCocoa */ = {
			isa = XCSwiftPackageProductDependency;
			package = 38EE8A792B04CD4E00E629CC /* XCRemoteSwiftPackageReference "RxSwift" */;
			productName = RxCocoa;
		};
		38EE8A7C2B04CD4E00E629CC /* RxSwift */ = {
			isa = XCSwiftPackageProductDependency;
			package = 38EE8A792B04CD4E00E629CC /* XCRemoteSwiftPackageReference "RxSwift" */;
			productName = RxSwift;
		};
		38EE8A7F2B04CE2900E629CC /* Moya */ = {
			isa = XCSwiftPackageProductDependency;
			package = 38EE8A7E2B04CE2900E629CC /* XCRemoteSwiftPackageReference "Moya" */;
			productName = Moya;
		};
/* End XCSwiftPackageProductDependency section */
	};
	rootObject = 3847EC052B022C1200E086EB /* Project object */;
}
