// !$*UTF8*$!
{
	archiveVersion = 1;
	classes = {
	};
	objectVersion = 56;
	objects = {

/* Begin PBXBuildFile section */
		3847EC112B022C1200E086EB /* AppDelegate.swift in Sources */ = {isa = PBXBuildFile; fileRef = 3847EC102B022C1200E086EB /* AppDelegate.swift */; };
		3847EC132B022C1200E086EB /* SceneDelegate.swift in Sources */ = {isa = PBXBuildFile; fileRef = 3847EC122B022C1200E086EB /* SceneDelegate.swift */; };
		3847EC152B022C1200E086EB /* ContentListViewController.swift in Sources */ = {isa = PBXBuildFile; fileRef = 3847EC142B022C1200E086EB /* ContentListViewController.swift */; };
		3847EC1A2B022C1400E086EB /* Assets.xcassets in Resources */ = {isa = PBXBuildFile; fileRef = 3847EC192B022C1400E086EB /* Assets.xcassets */; };
		3847EC1D2B022C1400E086EB /* LaunchScreen.storyboard in Resources */ = {isa = PBXBuildFile; fileRef = 3847EC1B2B022C1400E086EB /* LaunchScreen.storyboard */; };
		3847EC252B022C1E00E086EB /* .gitignore in Resources */ = {isa = PBXBuildFile; fileRef = 3847EC242B022C1E00E086EB /* .gitignore */; };
		3847EC2F2B022FCE00E086EB /* UITabBarController+.swift in Sources */ = {isa = PBXBuildFile; fileRef = 3847EC2E2B022FCE00E086EB /* UITabBarController+.swift */; };
		3847EC322B022FF800E086EB /* Constant.swift in Sources */ = {isa = PBXBuildFile; fileRef = 3847EC312B022FF800E086EB /* Constant.swift */; };
		3847EC352B02303200E086EB /* Constant+UI.swift in Sources */ = {isa = PBXBuildFile; fileRef = 3847EC342B02303200E086EB /* Constant+UI.swift */; };
		3847EC372B02307100E086EB /* UINavigationController+.swift in Sources */ = {isa = PBXBuildFile; fileRef = 3847EC362B02307100E086EB /* UINavigationController+.swift */; };
		3847EC3C2B02388900E086EB /* README.md in Resources */ = {isa = PBXBuildFile; fileRef = 3847EC3B2B02388900E086EB /* README.md */; };
		3847EC402B0251A500E086EB /* UserJoinViewController.swift in Sources */ = {isa = PBXBuildFile; fileRef = 3847EC3F2B0251A500E086EB /* UserJoinViewController.swift */; };
		3847EC442B0252B200E086EB /* BaseViewController.swift in Sources */ = {isa = PBXBuildFile; fileRef = 3847EC432B0252B200E086EB /* BaseViewController.swift */; };
		3847EC482B02578900E086EB /* SigninTextField.swift in Sources */ = {isa = PBXBuildFile; fileRef = 3847EC472B02578900E086EB /* SigninTextField.swift */; };
		386309272B132A5A001973AA /* UserAuthRepositoryProtocol.swift in Sources */ = {isa = PBXBuildFile; fileRef = 386309262B132A5A001973AA /* UserAuthRepositoryProtocol.swift */; };
		3863092A2B1340ED001973AA /* UserJoinUseCase.swift in Sources */ = {isa = PBXBuildFile; fileRef = 386309292B1340ED001973AA /* UserJoinUseCase.swift */; };
		386309312B135752001973AA /* User.swift in Sources */ = {isa = PBXBuildFile; fileRef = 386309302B135752001973AA /* User.swift */; };
		386309332B1357A8001973AA /* UserJoinRequestDTO.swift in Sources */ = {isa = PBXBuildFile; fileRef = 386309322B1357A8001973AA /* UserJoinRequestDTO.swift */; };
		386309362B1357D2001973AA /* UserJoinResponseDTO.swift in Sources */ = {isa = PBXBuildFile; fileRef = 386309352B1357D2001973AA /* UserJoinResponseDTO.swift */; };
		386309382B135C86001973AA /* EmailValidationRequestDTO.swift in Sources */ = {isa = PBXBuildFile; fileRef = 386309372B135C86001973AA /* EmailValidationRequestDTO.swift */; };
		3863093A2B135C91001973AA /* EmailValidationResponseDTO.swift in Sources */ = {isa = PBXBuildFile; fileRef = 386309392B135C91001973AA /* EmailValidationResponseDTO.swift */; };
		3863093C2B141C93001973AA /* Coordinator.swift in Sources */ = {isa = PBXBuildFile; fileRef = 3863093B2B141C93001973AA /* Coordinator.swift */; };
		3863094E2B1457B9001973AA /* AppCoordinator.swift in Sources */ = {isa = PBXBuildFile; fileRef = 3863094D2B1457B9001973AA /* AppCoordinator.swift */; };
		386309522B145C77001973AA /* TabBarCoordinator.swift in Sources */ = {isa = PBXBuildFile; fileRef = 386309512B145C77001973AA /* TabBarCoordinator.swift */; };
		388CFD4D2B0F2ED900638EFD /* NetworkError.swift in Sources */ = {isa = PBXBuildFile; fileRef = 388CFD4C2B0F2ED800638EFD /* NetworkError.swift */; };
		38B9203F2B08AAED006CBD1C /* Constant+Network.swift in Sources */ = {isa = PBXBuildFile; fileRef = 38B9203E2B08AAED006CBD1C /* Constant+Network.swift */; };
		38CA8C222B0385AC00A9C4B7 /* SigninTitleLabel.swift in Sources */ = {isa = PBXBuildFile; fileRef = 38CA8C212B0385AC00A9C4B7 /* SigninTitleLabel.swift */; };
		38CA8C252B03893300A9C4B7 /* SigninSubtitleLabel.swift in Sources */ = {isa = PBXBuildFile; fileRef = 38CA8C242B03893300A9C4B7 /* SigninSubtitleLabel.swift */; };
		38CA8C272B038AC000A9C4B7 /* SigninButton.swift in Sources */ = {isa = PBXBuildFile; fileRef = 38CA8C262B038AC000A9C4B7 /* SigninButton.swift */; };
		38CA8C2A2B038CB000A9C4B7 /* UITextField+.swift in Sources */ = {isa = PBXBuildFile; fileRef = 38CA8C292B038CB000A9C4B7 /* UITextField+.swift */; };
		38D4066B2B0B29E000B6F783 /* SecureTextButton.swift in Sources */ = {isa = PBXBuildFile; fileRef = 38D4066A2B0B29E000B6F783 /* SecureTextButton.swift */; };
		38D4066D2B0B40DE00B6F783 /* String+.swift in Sources */ = {isa = PBXBuildFile; fileRef = 38D4066C2B0B40DE00B6F783 /* String+.swift */; };
		38EE8A7B2B04CD4E00E629CC /* RxCocoa in Frameworks */ = {isa = PBXBuildFile; productRef = 38EE8A7A2B04CD4E00E629CC /* RxCocoa */; };
		38EE8A7D2B04CD4E00E629CC /* RxSwift in Frameworks */ = {isa = PBXBuildFile; productRef = 38EE8A7C2B04CD4E00E629CC /* RxSwift */; };
		38EE8A802B04CE2900E629CC /* Moya in Frameworks */ = {isa = PBXBuildFile; productRef = 38EE8A7F2B04CE2900E629CC /* Moya */; };
		38EE8A822B04D0AC00E629CC /* UserJoinViewModel.swift in Sources */ = {isa = PBXBuildFile; fileRef = 38EE8A812B04D0AC00E629CC /* UserJoinViewModel.swift */; };
		38EE8A842B04D29000E629CC /* ViewModelType.swift in Sources */ = {isa = PBXBuildFile; fileRef = 38EE8A832B04D29000E629CC /* ViewModelType.swift */; };
		38EE8A972B0632AD00E629CC /* APIManager.swift in Sources */ = {isa = PBXBuildFile; fileRef = 38EE8A962B0632AD00E629CC /* APIManager.swift */; };
		38EE8A9A2B06338800E629CC /* MementoAPI.swift in Sources */ = {isa = PBXBuildFile; fileRef = 38EE8A992B06338800E629CC /* MementoAPI.swift */; };
		38EE8A9F2B06387900E629CC /* APIKey.swift in Sources */ = {isa = PBXBuildFile; fileRef = 38EE8A9E2B06387900E629CC /* APIKey.swift */; };
/* End PBXBuildFile section */

/* Begin PBXFileReference section */
		3847EC0D2B022C1200E086EB /* MementoMori.app */ = {isa = PBXFileReference; explicitFileType = wrapper.application; includeInIndex = 0; path = MementoMori.app; sourceTree = BUILT_PRODUCTS_DIR; };
		3847EC102B022C1200E086EB /* AppDelegate.swift */ = {isa = PBXFileReference; lastKnownFileType = sourcecode.swift; path = AppDelegate.swift; sourceTree = "<group>"; };
		3847EC122B022C1200E086EB /* SceneDelegate.swift */ = {isa = PBXFileReference; lastKnownFileType = sourcecode.swift; path = SceneDelegate.swift; sourceTree = "<group>"; };
		3847EC142B022C1200E086EB /* ContentListViewController.swift */ = {isa = PBXFileReference; lastKnownFileType = sourcecode.swift; path = ContentListViewController.swift; sourceTree = "<group>"; };
		3847EC192B022C1400E086EB /* Assets.xcassets */ = {isa = PBXFileReference; lastKnownFileType = folder.assetcatalog; path = Assets.xcassets; sourceTree = "<group>"; };
		3847EC1C2B022C1400E086EB /* Base */ = {isa = PBXFileReference; lastKnownFileType = file.storyboard; name = Base; path = Base.lproj/LaunchScreen.storyboard; sourceTree = "<group>"; };
		3847EC1E2B022C1400E086EB /* Info.plist */ = {isa = PBXFileReference; lastKnownFileType = text.plist.xml; path = Info.plist; sourceTree = "<group>"; };
		3847EC242B022C1E00E086EB /* .gitignore */ = {isa = PBXFileReference; lastKnownFileType = text; path = .gitignore; sourceTree = "<group>"; };
		3847EC2E2B022FCE00E086EB /* UITabBarController+.swift */ = {isa = PBXFileReference; lastKnownFileType = sourcecode.swift; path = "UITabBarController+.swift"; sourceTree = "<group>"; };
		3847EC312B022FF800E086EB /* Constant.swift */ = {isa = PBXFileReference; lastKnownFileType = sourcecode.swift; path = Constant.swift; sourceTree = "<group>"; };
		3847EC342B02303200E086EB /* Constant+UI.swift */ = {isa = PBXFileReference; lastKnownFileType = sourcecode.swift; path = "Constant+UI.swift"; sourceTree = "<group>"; };
		3847EC362B02307100E086EB /* UINavigationController+.swift */ = {isa = PBXFileReference; lastKnownFileType = sourcecode.swift; path = "UINavigationController+.swift"; sourceTree = "<group>"; };
		3847EC3B2B02388900E086EB /* README.md */ = {isa = PBXFileReference; lastKnownFileType = net.daringfireball.markdown; path = README.md; sourceTree = "<group>"; };
		3847EC3F2B0251A500E086EB /* UserJoinViewController.swift */ = {isa = PBXFileReference; lastKnownFileType = sourcecode.swift; path = UserJoinViewController.swift; sourceTree = "<group>"; };
		3847EC432B0252B200E086EB /* BaseViewController.swift */ = {isa = PBXFileReference; lastKnownFileType = sourcecode.swift; path = BaseViewController.swift; sourceTree = "<group>"; };
		3847EC472B02578900E086EB /* SigninTextField.swift */ = {isa = PBXFileReference; lastKnownFileType = sourcecode.swift; path = SigninTextField.swift; sourceTree = "<group>"; };
		386309262B132A5A001973AA /* UserAuthRepositoryProtocol.swift */ = {isa = PBXFileReference; lastKnownFileType = sourcecode.swift; path = UserAuthRepositoryProtocol.swift; sourceTree = "<group>"; };
		386309292B1340ED001973AA /* UserJoinUseCase.swift */ = {isa = PBXFileReference; lastKnownFileType = sourcecode.swift; path = UserJoinUseCase.swift; sourceTree = "<group>"; };
		386309302B135752001973AA /* User.swift */ = {isa = PBXFileReference; lastKnownFileType = sourcecode.swift; path = User.swift; sourceTree = "<group>"; };
		386309322B1357A8001973AA /* UserJoinRequestDTO.swift */ = {isa = PBXFileReference; lastKnownFileType = sourcecode.swift; path = UserJoinRequestDTO.swift; sourceTree = "<group>"; };
		386309352B1357D2001973AA /* UserJoinResponseDTO.swift */ = {isa = PBXFileReference; lastKnownFileType = sourcecode.swift; path = UserJoinResponseDTO.swift; sourceTree = "<group>"; };
		386309372B135C86001973AA /* EmailValidationRequestDTO.swift */ = {isa = PBXFileReference; lastKnownFileType = sourcecode.swift; path = EmailValidationRequestDTO.swift; sourceTree = "<group>"; };
		386309392B135C91001973AA /* EmailValidationResponseDTO.swift */ = {isa = PBXFileReference; lastKnownFileType = sourcecode.swift; path = EmailValidationResponseDTO.swift; sourceTree = "<group>"; };
		3863093B2B141C93001973AA /* Coordinator.swift */ = {isa = PBXFileReference; lastKnownFileType = sourcecode.swift; path = Coordinator.swift; sourceTree = "<group>"; };
		3863094D2B1457B9001973AA /* AppCoordinator.swift */ = {isa = PBXFileReference; lastKnownFileType = sourcecode.swift; path = AppCoordinator.swift; sourceTree = "<group>"; };
		386309512B145C77001973AA /* TabBarCoordinator.swift */ = {isa = PBXFileReference; lastKnownFileType = sourcecode.swift; path = TabBarCoordinator.swift; sourceTree = "<group>"; };
		388CFD4C2B0F2ED800638EFD /* NetworkError.swift */ = {isa = PBXFileReference; lastKnownFileType = sourcecode.swift; path = NetworkError.swift; sourceTree = "<group>"; };
		38B9203E2B08AAED006CBD1C /* Constant+Network.swift */ = {isa = PBXFileReference; lastKnownFileType = sourcecode.swift; path = "Constant+Network.swift"; sourceTree = "<group>"; };
		38CA8C212B0385AC00A9C4B7 /* SigninTitleLabel.swift */ = {isa = PBXFileReference; lastKnownFileType = sourcecode.swift; path = SigninTitleLabel.swift; sourceTree = "<group>"; };
		38CA8C242B03893300A9C4B7 /* SigninSubtitleLabel.swift */ = {isa = PBXFileReference; lastKnownFileType = sourcecode.swift; path = SigninSubtitleLabel.swift; sourceTree = "<group>"; };
		38CA8C262B038AC000A9C4B7 /* SigninButton.swift */ = {isa = PBXFileReference; lastKnownFileType = sourcecode.swift; path = SigninButton.swift; sourceTree = "<group>"; };
		38CA8C292B038CB000A9C4B7 /* UITextField+.swift */ = {isa = PBXFileReference; lastKnownFileType = sourcecode.swift; path = "UITextField+.swift"; sourceTree = "<group>"; };
		38D4066A2B0B29E000B6F783 /* SecureTextButton.swift */ = {isa = PBXFileReference; lastKnownFileType = sourcecode.swift; path = SecureTextButton.swift; sourceTree = "<group>"; };
		38D4066C2B0B40DE00B6F783 /* String+.swift */ = {isa = PBXFileReference; lastKnownFileType = sourcecode.swift; path = "String+.swift"; sourceTree = "<group>"; };
		38EE8A812B04D0AC00E629CC /* UserJoinViewModel.swift */ = {isa = PBXFileReference; lastKnownFileType = sourcecode.swift; path = UserJoinViewModel.swift; sourceTree = "<group>"; };
		38EE8A832B04D29000E629CC /* ViewModelType.swift */ = {isa = PBXFileReference; lastKnownFileType = sourcecode.swift; path = ViewModelType.swift; sourceTree = "<group>"; };
		38EE8A962B0632AD00E629CC /* APIManager.swift */ = {isa = PBXFileReference; lastKnownFileType = sourcecode.swift; path = APIManager.swift; sourceTree = "<group>"; };
		38EE8A992B06338800E629CC /* MementoAPI.swift */ = {isa = PBXFileReference; lastKnownFileType = sourcecode.swift; path = MementoAPI.swift; sourceTree = "<group>"; };
		38EE8A9E2B06387900E629CC /* APIKey.swift */ = {isa = PBXFileReference; lastKnownFileType = sourcecode.swift; path = APIKey.swift; sourceTree = "<group>"; };
/* End PBXFileReference section */

/* Begin PBXFrameworksBuildPhase section */
		3847EC0A2B022C1200E086EB /* Frameworks */ = {
			isa = PBXFrameworksBuildPhase;
			buildActionMask = 2147483647;
			files = (
				38EE8A7D2B04CD4E00E629CC /* RxSwift in Frameworks */,
				38EE8A7B2B04CD4E00E629CC /* RxCocoa in Frameworks */,
				38EE8A802B04CE2900E629CC /* Moya in Frameworks */,
			);
			runOnlyForDeploymentPostprocessing = 0;
		};
/* End PBXFrameworksBuildPhase section */

/* Begin PBXGroup section */
		3847EC042B022C1200E086EB = {
			isa = PBXGroup;
			children = (
				3847EC3B2B02388900E086EB /* README.md */,
				3847EC242B022C1E00E086EB /* .gitignore */,
				3847EC0F2B022C1200E086EB /* MementoMori */,
				3847EC0E2B022C1200E086EB /* Products */,
			);
			sourceTree = "<group>";
		};
		3847EC0E2B022C1200E086EB /* Products */ = {
			isa = PBXGroup;
			children = (
				3847EC0D2B022C1200E086EB /* MementoMori.app */,
			);
			name = Products;
			sourceTree = "<group>";
		};
		3847EC0F2B022C1200E086EB /* MementoMori */ = {
			isa = PBXGroup;
			children = (
				3847EC282B022C8200E086EB /* Resources */,
				3863091E2B131141001973AA /* Sources */,
				3847EC2A2B022F6C00E086EB /* Utilities */,
			);
			path = MementoMori;
			sourceTree = "<group>";
		};
		3847EC262B022C6F00E086EB /* Application */ = {
			isa = PBXGroup;
			children = (
				3847EC102B022C1200E086EB /* AppDelegate.swift */,
				3847EC122B022C1200E086EB /* SceneDelegate.swift */,
			);
			path = Application;
			sourceTree = "<group>";
		};
		3847EC272B022C7900E086EB /* Presentation */ = {
			isa = PBXGroup;
			children = (
				38EE8A772B04B65800E629CC /* Common */,
				3847EC382B02345300E086EB /* ContentList */,
				3847EC3D2B02518200E086EB /* UserJoin */,
			);
			path = Presentation;
			sourceTree = "<group>";
		};
		3847EC282B022C8200E086EB /* Resources */ = {
			isa = PBXGroup;
			children = (
				3847EC292B022C9000E086EB /* AppInfo */,
			);
			path = Resources;
			sourceTree = "<group>";
		};
		3847EC292B022C9000E086EB /* AppInfo */ = {
			isa = PBXGroup;
			children = (
				3847EC192B022C1400E086EB /* Assets.xcassets */,
				3847EC1B2B022C1400E086EB /* LaunchScreen.storyboard */,
				3847EC1E2B022C1400E086EB /* Info.plist */,
			);
			path = AppInfo;
			sourceTree = "<group>";
		};
		3847EC2A2B022F6C00E086EB /* Utilities */ = {
			isa = PBXGroup;
			children = (
				3847EC302B022FF000E086EB /* Constants */,
				3847EC2B2B022F8000E086EB /* Extensions */,
			);
			path = Utilities;
			sourceTree = "<group>";
		};
		3847EC2B2B022F8000E086EB /* Extensions */ = {
			isa = PBXGroup;
			children = (
				38D4066C2B0B40DE00B6F783 /* String+.swift */,
				3847EC362B02307100E086EB /* UINavigationController+.swift */,
				3847EC2E2B022FCE00E086EB /* UITabBarController+.swift */,
				38CA8C292B038CB000A9C4B7 /* UITextField+.swift */,
			);
			path = Extensions;
			sourceTree = "<group>";
		};
		3847EC302B022FF000E086EB /* Constants */ = {
			isa = PBXGroup;
			children = (
				3847EC312B022FF800E086EB /* Constant.swift */,
				38B9203E2B08AAED006CBD1C /* Constant+Network.swift */,
				3847EC342B02303200E086EB /* Constant+UI.swift */,
			);
			path = Constants;
			sourceTree = "<group>";
		};
		3847EC382B02345300E086EB /* ContentList */ = {
			isa = PBXGroup;
			children = (
				3847EC142B022C1200E086EB /* ContentListViewController.swift */,
			);
			path = ContentList;
			sourceTree = "<group>";
		};
		3847EC3D2B02518200E086EB /* UserJoin */ = {
			isa = PBXGroup;
			children = (
				3847EC3F2B0251A500E086EB /* UserJoinViewController.swift */,
				38EE8A812B04D0AC00E629CC /* UserJoinViewModel.swift */,
			);
			path = UserJoin;
			sourceTree = "<group>";
		};
		3847EC422B02527700E086EB /* BaseView */ = {
			isa = PBXGroup;
			children = (
				3847EC432B0252B200E086EB /* BaseViewController.swift */,
			);
			path = BaseView;
			sourceTree = "<group>";
		};
		3847EC452B02566000E086EB /* CustomView */ = {
			isa = PBXGroup;
			children = (
				38CA8C202B03859400A9C4B7 /* SigninView */,
			);
			path = CustomView;
			sourceTree = "<group>";
		};
		3863091E2B131141001973AA /* Sources */ = {
			isa = PBXGroup;
			children = (
				3847EC262B022C6F00E086EB /* Application */,
				3863092B2B1350E5001973AA /* Data */,
				38EE8A912B0631A500E629CC /* Domain */,
				386309212B1325C7001973AA /* Infrastructure */,
				3847EC272B022C7900E086EB /* Presentation */,
			);
			path = Sources;
			sourceTree = "<group>";
		};
		3863091F2B1311DA001973AA /* Entities */ = {
			isa = PBXGroup;
			children = (
				386309302B135752001973AA /* User.swift */,
			);
			path = Entities;
			sourceTree = "<group>";
		};
		386309202B131241001973AA /* Protocol */ = {
			isa = PBXGroup;
			children = (
				38EE8A832B04D29000E629CC /* ViewModelType.swift */,
			);
			path = Protocol;
			sourceTree = "<group>";
		};
		386309212B1325C7001973AA /* Infrastructure */ = {
			isa = PBXGroup;
			children = (
				38EE8A952B06329700E629CC /* Network */,
			);
			path = Infrastructure;
			sourceTree = "<group>";
		};
		386309252B132A14001973AA /* Repositories */ = {
			isa = PBXGroup;
			children = (
				386309262B132A5A001973AA /* UserAuthRepositoryProtocol.swift */,
			);
			path = Repositories;
			sourceTree = "<group>";
		};
		386309282B1340D2001973AA /* UseCases */ = {
			isa = PBXGroup;
			children = (
				386309292B1340ED001973AA /* UserJoinUseCase.swift */,
			);
			path = UseCases;
			sourceTree = "<group>";
		};
		3863092B2B1350E5001973AA /* Data */ = {
			isa = PBXGroup;
			children = (
				3863092F2B135740001973AA /* DataMapping */,
				3863092C2B1350FB001973AA /* Repositories */,
			);
			path = Data;
			sourceTree = "<group>";
		};
		3863092C2B1350FB001973AA /* Repositories */ = {
			isa = PBXGroup;
			children = (
			);
			path = Repositories;
			sourceTree = "<group>";
		};
		3863092F2B135740001973AA /* DataMapping */ = {
			isa = PBXGroup;
			children = (
				386309322B1357A8001973AA /* UserJoinRequestDTO.swift */,
				386309352B1357D2001973AA /* UserJoinResponseDTO.swift */,
				386309372B135C86001973AA /* EmailValidationRequestDTO.swift */,
				386309392B135C91001973AA /* EmailValidationResponseDTO.swift */,
			);
			path = DataMapping;
			sourceTree = "<group>";
		};
		3863093D2B141CBE001973AA /* Coordinator */ = {
			isa = PBXGroup;
			children = (
				3863094D2B1457B9001973AA /* AppCoordinator.swift */,
				3863093B2B141C93001973AA /* Coordinator.swift */,
				386309512B145C77001973AA /* TabBarCoordinator.swift */,
			);
			path = Coordinator;
			sourceTree = "<group>";
		};
		38CA8C202B03859400A9C4B7 /* SigninView */ = {
			isa = PBXGroup;
			children = (
				3847EC472B02578900E086EB /* SigninTextField.swift */,
				38CA8C212B0385AC00A9C4B7 /* SigninTitleLabel.swift */,
				38CA8C242B03893300A9C4B7 /* SigninSubtitleLabel.swift */,
				38CA8C262B038AC000A9C4B7 /* SigninButton.swift */,
				38D4066A2B0B29E000B6F783 /* SecureTextButton.swift */,
			);
			path = SigninView;
			sourceTree = "<group>";
		};
		38EE8A772B04B65800E629CC /* Common */ = {
			isa = PBXGroup;
			children = (
				3847EC422B02527700E086EB /* BaseView */,
				3863093D2B141CBE001973AA /* Coordinator */,
				3847EC452B02566000E086EB /* CustomView */,
				386309202B131241001973AA /* Protocol */,
			);
			path = Common;
			sourceTree = "<group>";
		};
		38EE8A912B0631A500E629CC /* Domain */ = {
			isa = PBXGroup;
			children = (
				3863091F2B1311DA001973AA /* Entities */,
				386309252B132A14001973AA /* Repositories */,
				386309282B1340D2001973AA /* UseCases */,
			);
			path = Domain;
			sourceTree = "<group>";
		};
		38EE8A952B06329700E629CC /* Network */ = {
			isa = PBXGroup;
			children = (
				38EE8A9E2B06387900E629CC /* APIKey.swift */,
				38EE8A962B0632AD00E629CC /* APIManager.swift */,
				38EE8A992B06338800E629CC /* MementoAPI.swift */,
				388CFD4C2B0F2ED800638EFD /* NetworkError.swift */,
			);
			path = Network;
			sourceTree = "<group>";
		};
/* End PBXGroup section */

/* Begin PBXNativeTarget section */
		3847EC0C2B022C1200E086EB /* MementoMori */ = {
			isa = PBXNativeTarget;
			buildConfigurationList = 3847EC212B022C1400E086EB /* Build configuration list for PBXNativeTarget "MementoMori" */;
			buildPhases = (
				3847EC092B022C1200E086EB /* Sources */,
				3847EC0A2B022C1200E086EB /* Frameworks */,
				3847EC0B2B022C1200E086EB /* Resources */,
			);
			buildRules = (
			);
			dependencies = (
			);
			name = MementoMori;
			packageProductDependencies = (
				38EE8A7A2B04CD4E00E629CC /* RxCocoa */,
				38EE8A7C2B04CD4E00E629CC /* RxSwift */,
				38EE8A7F2B04CE2900E629CC /* Moya */,
			);
			productName = MementoMori;
			productReference = 3847EC0D2B022C1200E086EB /* MementoMori.app */;
			productType = "com.apple.product-type.application";
		};
/* End PBXNativeTarget section */

/* Begin PBXProject section */
		3847EC052B022C1200E086EB /* Project object */ = {
			isa = PBXProject;
			attributes = {
				BuildIndependentTargetsInParallel = 1;
				LastSwiftUpdateCheck = 1430;
				LastUpgradeCheck = 1430;
				TargetAttributes = {
					3847EC0C2B022C1200E086EB = {
						CreatedOnToolsVersion = 14.3.1;
					};
				};
			};
			buildConfigurationList = 3847EC082B022C1200E086EB /* Build configuration list for PBXProject "MementoMori" */;
			compatibilityVersion = "Xcode 14.0";
			developmentRegion = en;
			hasScannedForEncodings = 0;
			knownRegions = (
				en,
				Base,
			);
			mainGroup = 3847EC042B022C1200E086EB;
			packageReferences = (
				38EE8A792B04CD4E00E629CC /* XCRemoteSwiftPackageReference "RxSwift" */,
				38EE8A7E2B04CE2900E629CC /* XCRemoteSwiftPackageReference "Moya" */,
			);
			productRefGroup = 3847EC0E2B022C1200E086EB /* Products */;
			projectDirPath = "";
			projectRoot = "";
			targets = (
				3847EC0C2B022C1200E086EB /* MementoMori */,
			);
		};
/* End PBXProject section */

/* Begin PBXResourcesBuildPhase section */
		3847EC0B2B022C1200E086EB /* Resources */ = {
			isa = PBXResourcesBuildPhase;
			buildActionMask = 2147483647;
			files = (
				3847EC252B022C1E00E086EB /* .gitignore in Resources */,
				3847EC1D2B022C1400E086EB /* LaunchScreen.storyboard in Resources */,
				3847EC3C2B02388900E086EB /* README.md in Resources */,
				3847EC1A2B022C1400E086EB /* Assets.xcassets in Resources */,
			);
			runOnlyForDeploymentPostprocessing = 0;
		};
/* End PBXResourcesBuildPhase section */

/* Begin PBXSourcesBuildPhase section */
		3847EC092B022C1200E086EB /* Sources */ = {
			isa = PBXSourcesBuildPhase;
			buildActionMask = 2147483647;
			files = (
				38CA8C252B03893300A9C4B7 /* SigninSubtitleLabel.swift in Sources */,
				3847EC372B02307100E086EB /* UINavigationController+.swift in Sources */,
				3847EC322B022FF800E086EB /* Constant.swift in Sources */,
				386309272B132A5A001973AA /* UserAuthRepositoryProtocol.swift in Sources */,
				3863093C2B141C93001973AA /* Coordinator.swift in Sources */,
				38EE8A822B04D0AC00E629CC /* UserJoinViewModel.swift in Sources */,
				3863092A2B1340ED001973AA /* UserJoinUseCase.swift in Sources */,
				38D4066B2B0B29E000B6F783 /* SecureTextButton.swift in Sources */,
				3863093A2B135C91001973AA /* EmailValidationResponseDTO.swift in Sources */,
				386309312B135752001973AA /* User.swift in Sources */,
				3847EC482B02578900E086EB /* SigninTextField.swift in Sources */,
				386309362B1357D2001973AA /* UserJoinResponseDTO.swift in Sources */,
				38CA8C222B0385AC00A9C4B7 /* SigninTitleLabel.swift in Sources */,
				38CA8C272B038AC000A9C4B7 /* SigninButton.swift in Sources */,
				3847EC152B022C1200E086EB /* ContentListViewController.swift in Sources */,
				38EE8A9A2B06338800E629CC /* MementoAPI.swift in Sources */,
				3847EC2F2B022FCE00E086EB /* UITabBarController+.swift in Sources */,
				3847EC352B02303200E086EB /* Constant+UI.swift in Sources */,
				38CA8C2A2B038CB000A9C4B7 /* UITextField+.swift in Sources */,
				386309382B135C86001973AA /* EmailValidationRequestDTO.swift in Sources */,
				3863094E2B1457B9001973AA /* AppCoordinator.swift in Sources */,
				386309522B145C77001973AA /* TabBarCoordinator.swift in Sources */,
				386309332B1357A8001973AA /* UserJoinRequestDTO.swift in Sources */,
				38EE8A972B0632AD00E629CC /* APIManager.swift in Sources */,
				38EE8A9F2B06387900E629CC /* APIKey.swift in Sources */,
				3847EC442B0252B200E086EB /* BaseViewController.swift in Sources */,
				38EE8A842B04D29000E629CC /* ViewModelType.swift in Sources */,
				3847EC112B022C1200E086EB /* AppDelegate.swift in Sources */,
				388CFD4D2B0F2ED900638EFD /* NetworkError.swift in Sources */,
				3847EC132B022C1200E086EB /* SceneDelegate.swift in Sources */,
				38D4066D2B0B40DE00B6F783 /* String+.swift in Sources */,
				38B9203F2B08AAED006CBD1C /* Constant+Network.swift in Sources */,
				3847EC402B0251A500E086EB /* UserJoinViewController.swift in Sources */,
			);
			runOnlyForDeploymentPostprocessing = 0;
		};
/* End PBXSourcesBuildPhase section */

/* Begin PBXVariantGroup section */
		3847EC1B2B022C1400E086EB /* LaunchScreen.storyboard */ = {
			isa = PBXVariantGroup;
			children = (
				3847EC1C2B022C1400E086EB /* Base */,
			);
			name = LaunchScreen.storyboard;
			sourceTree = "<group>";
		};
/* End PBXVariantGroup section */

/* Begin XCBuildConfiguration section */
		3847EC1F2B022C1400E086EB /* Debug */ = {
			isa = XCBuildConfiguration;
			buildSettings = {
				ALWAYS_SEARCH_USER_PATHS = NO;
				CLANG_ANALYZER_NONNULL = YES;
				CLANG_ANALYZER_NUMBER_OBJECT_CONVERSION = YES_AGGRESSIVE;
				CLANG_CXX_LANGUAGE_STANDARD = "gnu++20";
				CLANG_ENABLE_MODULES = YES;
				CLANG_ENABLE_OBJC_ARC = YES;
				CLANG_ENABLE_OBJC_WEAK = YES;
				CLANG_WARN_BLOCK_CAPTURE_AUTORELEASING = YES;
				CLANG_WARN_BOOL_CONVERSION = YES;
				CLANG_WARN_COMMA = YES;
				CLANG_WARN_CONSTANT_CONVERSION = YES;
				CLANG_WARN_DEPRECATED_OBJC_IMPLEMENTATIONS = YES;
				CLANG_WARN_DIRECT_OBJC_ISA_USAGE = YES_ERROR;
				CLANG_WARN_DOCUMENTATION_COMMENTS = YES;
				CLANG_WARN_EMPTY_BODY = YES;
				CLANG_WARN_ENUM_CONVERSION = YES;
				CLANG_WARN_INFINITE_RECURSION = YES;
				CLANG_WARN_INT_CONVERSION = YES;
				CLANG_WARN_NON_LITERAL_NULL_CONVERSION = YES;
				CLANG_WARN_OBJC_IMPLICIT_RETAIN_SELF = YES;
				CLANG_WARN_OBJC_LITERAL_CONVERSION = YES;
				CLANG_WARN_OBJC_ROOT_CLASS = YES_ERROR;
				CLANG_WARN_QUOTED_INCLUDE_IN_FRAMEWORK_HEADER = YES;
				CLANG_WARN_RANGE_LOOP_ANALYSIS = YES;
				CLANG_WARN_STRICT_PROTOTYPES = YES;
				CLANG_WARN_SUSPICIOUS_MOVE = YES;
				CLANG_WARN_UNGUARDED_AVAILABILITY = YES_AGGRESSIVE;
				CLANG_WARN_UNREACHABLE_CODE = YES;
				CLANG_WARN__DUPLICATE_METHOD_MATCH = YES;
				COPY_PHASE_STRIP = NO;
				DEBUG_INFORMATION_FORMAT = dwarf;
				ENABLE_STRICT_OBJC_MSGSEND = YES;
				ENABLE_TESTABILITY = YES;
				GCC_C_LANGUAGE_STANDARD = gnu11;
				GCC_DYNAMIC_NO_PIC = NO;
				GCC_NO_COMMON_BLOCKS = YES;
				GCC_OPTIMIZATION_LEVEL = 0;
				GCC_PREPROCESSOR_DEFINITIONS = (
					"DEBUG=1",
					"$(inherited)",
				);
				GCC_WARN_64_TO_32_BIT_CONVERSION = YES;
				GCC_WARN_ABOUT_RETURN_TYPE = YES_ERROR;
				GCC_WARN_UNDECLARED_SELECTOR = YES;
				GCC_WARN_UNINITIALIZED_AUTOS = YES_AGGRESSIVE;
				GCC_WARN_UNUSED_FUNCTION = YES;
				GCC_WARN_UNUSED_VARIABLE = YES;
				IPHONEOS_DEPLOYMENT_TARGET = 16.4;
				MTL_ENABLE_DEBUG_INFO = INCLUDE_SOURCE;
				MTL_FAST_MATH = YES;
				ONLY_ACTIVE_ARCH = YES;
				SDKROOT = iphoneos;
				SWIFT_ACTIVE_COMPILATION_CONDITIONS = DEBUG;
				SWIFT_OPTIMIZATION_LEVEL = "-Onone";
			};
			name = Debug;
		};
		3847EC202B022C1400E086EB /* Release */ = {
			isa = XCBuildConfiguration;
			buildSettings = {
				ALWAYS_SEARCH_USER_PATHS = NO;
				CLANG_ANALYZER_NONNULL = YES;
				CLANG_ANALYZER_NUMBER_OBJECT_CONVERSION = YES_AGGRESSIVE;
				CLANG_CXX_LANGUAGE_STANDARD = "gnu++20";
				CLANG_ENABLE_MODULES = YES;
				CLANG_ENABLE_OBJC_ARC = YES;
				CLANG_ENABLE_OBJC_WEAK = YES;
				CLANG_WARN_BLOCK_CAPTURE_AUTORELEASING = YES;
				CLANG_WARN_BOOL_CONVERSION = YES;
				CLANG_WARN_COMMA = YES;
				CLANG_WARN_CONSTANT_CONVERSION = YES;
				CLANG_WARN_DEPRECATED_OBJC_IMPLEMENTATIONS = YES;
				CLANG_WARN_DIRECT_OBJC_ISA_USAGE = YES_ERROR;
				CLANG_WARN_DOCUMENTATION_COMMENTS = YES;
				CLANG_WARN_EMPTY_BODY = YES;
				CLANG_WARN_ENUM_CONVERSION = YES;
				CLANG_WARN_INFINITE_RECURSION = YES;
				CLANG_WARN_INT_CONVERSION = YES;
				CLANG_WARN_NON_LITERAL_NULL_CONVERSION = YES;
				CLANG_WARN_OBJC_IMPLICIT_RETAIN_SELF = YES;
				CLANG_WARN_OBJC_LITERAL_CONVERSION = YES;
				CLANG_WARN_OBJC_ROOT_CLASS = YES_ERROR;
				CLANG_WARN_QUOTED_INCLUDE_IN_FRAMEWORK_HEADER = YES;
				CLANG_WARN_RANGE_LOOP_ANALYSIS = YES;
				CLANG_WARN_STRICT_PROTOTYPES = YES;
				CLANG_WARN_SUSPICIOUS_MOVE = YES;
				CLANG_WARN_UNGUARDED_AVAILABILITY = YES_AGGRESSIVE;
				CLANG_WARN_UNREACHABLE_CODE = YES;
				CLANG_WARN__DUPLICATE_METHOD_MATCH = YES;
				COPY_PHASE_STRIP = NO;
				DEBUG_INFORMATION_FORMAT = "dwarf-with-dsym";
				ENABLE_NS_ASSERTIONS = NO;
				ENABLE_STRICT_OBJC_MSGSEND = YES;
				GCC_C_LANGUAGE_STANDARD = gnu11;
				GCC_NO_COMMON_BLOCKS = YES;
				GCC_WARN_64_TO_32_BIT_CONVERSION = YES;
				GCC_WARN_ABOUT_RETURN_TYPE = YES_ERROR;
				GCC_WARN_UNDECLARED_SELECTOR = YES;
				GCC_WARN_UNINITIALIZED_AUTOS = YES_AGGRESSIVE;
				GCC_WARN_UNUSED_FUNCTION = YES;
				GCC_WARN_UNUSED_VARIABLE = YES;
				IPHONEOS_DEPLOYMENT_TARGET = 16.4;
				MTL_ENABLE_DEBUG_INFO = NO;
				MTL_FAST_MATH = YES;
				SDKROOT = iphoneos;
				SWIFT_COMPILATION_MODE = wholemodule;
				SWIFT_OPTIMIZATION_LEVEL = "-O";
				VALIDATE_PRODUCT = YES;
			};
			name = Release;
		};
		3847EC222B022C1400E086EB /* Debug */ = {
			isa = XCBuildConfiguration;
			buildSettings = {
				ASSETCATALOG_COMPILER_APPICON_NAME = AppIcon;
				ASSETCATALOG_COMPILER_GLOBAL_ACCENT_COLOR_NAME = AccentColor;
				CODE_SIGN_STYLE = Automatic;
				CURRENT_PROJECT_VERSION = "20231120-01";
				DEVELOPMENT_TEAM = 3UNP2C529F;
				GENERATE_INFOPLIST_FILE = YES;
				INFOPLIST_FILE = MementoMori/Resources/AppInfo/Info.plist;
				INFOPLIST_KEY_CFBundleDisplayName = "메멘토";
				INFOPLIST_KEY_UIApplicationSupportsIndirectInputEvents = YES;
				INFOPLIST_KEY_UILaunchStoryboardName = LaunchScreen;
				INFOPLIST_KEY_UISupportedInterfaceOrientations = UIInterfaceOrientationPortrait;
				INFOPLIST_KEY_UISupportedInterfaceOrientations_iPad = "UIInterfaceOrientationLandscapeLeft UIInterfaceOrientationLandscapeRight UIInterfaceOrientationPortrait UIInterfaceOrientationPortraitUpsideDown";
				IPHONEOS_DEPLOYMENT_TARGET = 16.0;
				LD_RUNPATH_SEARCH_PATHS = (
					"$(inherited)",
					"@executable_path/Frameworks",
				);
				MARKETING_VERSION = 1.0;
				PRODUCT_BUNDLE_IDENTIFIER = com.andyarchive.MementoMori;
				PRODUCT_NAME = "$(TARGET_NAME)";
				SUPPORTED_PLATFORMS = "iphoneos iphonesimulator";
				SUPPORTS_MACCATALYST = NO;
				SUPPORTS_MAC_DESIGNED_FOR_IPHONE_IPAD = NO;
				SWIFT_EMIT_LOC_STRINGS = YES;
				SWIFT_VERSION = 5.0;
				TARGETED_DEVICE_FAMILY = 1;
			};
			name = Debug;
		};
		3847EC232B022C1400E086EB /* Release */ = {
			isa = XCBuildConfiguration;
			buildSettings = {
				ASSETCATALOG_COMPILER_APPICON_NAME = AppIcon;
				ASSETCATALOG_COMPILER_GLOBAL_ACCENT_COLOR_NAME = AccentColor;
				CODE_SIGN_STYLE = Automatic;
				CURRENT_PROJECT_VERSION = "20231120-01";
				DEVELOPMENT_TEAM = 3UNP2C529F;
				GENERATE_INFOPLIST_FILE = YES;
				INFOPLIST_FILE = MementoMori/Resources/AppInfo/Info.plist;
				INFOPLIST_KEY_CFBundleDisplayName = "메멘토";
				INFOPLIST_KEY_UIApplicationSupportsIndirectInputEvents = YES;
				INFOPLIST_KEY_UILaunchStoryboardName = LaunchScreen;
				INFOPLIST_KEY_UISupportedInterfaceOrientations = UIInterfaceOrientationPortrait;
				INFOPLIST_KEY_UISupportedInterfaceOrientations_iPad = "UIInterfaceOrientationLandscapeLeft UIInterfaceOrientationLandscapeRight UIInterfaceOrientationPortrait UIInterfaceOrientationPortraitUpsideDown";
				IPHONEOS_DEPLOYMENT_TARGET = 16.0;
				LD_RUNPATH_SEARCH_PATHS = (
					"$(inherited)",
					"@executable_path/Frameworks",
				);
				MARKETING_VERSION = 1.0;
				PRODUCT_BUNDLE_IDENTIFIER = com.andyarchive.MementoMori;
				PRODUCT_NAME = "$(TARGET_NAME)";
				SUPPORTED_PLATFORMS = "iphoneos iphonesimulator";
				SUPPORTS_MACCATALYST = NO;
				SUPPORTS_MAC_DESIGNED_FOR_IPHONE_IPAD = NO;
				SWIFT_EMIT_LOC_STRINGS = YES;
				SWIFT_VERSION = 5.0;
				TARGETED_DEVICE_FAMILY = 1;
			};
			name = Release;
		};
/* End XCBuildConfiguration section */

/* Begin XCConfigurationList section */
		3847EC082B022C1200E086EB /* Build configuration list for PBXProject "MementoMori" */ = {
			isa = XCConfigurationList;
			buildConfigurations = (
				3847EC1F2B022C1400E086EB /* Debug */,
				3847EC202B022C1400E086EB /* Release */,
			);
			defaultConfigurationIsVisible = 0;
			defaultConfigurationName = Release;
		};
		3847EC212B022C1400E086EB /* Build configuration list for PBXNativeTarget "MementoMori" */ = {
			isa = XCConfigurationList;
			buildConfigurations = (
				3847EC222B022C1400E086EB /* Debug */,
				3847EC232B022C1400E086EB /* Release */,
			);
			defaultConfigurationIsVisible = 0;
			defaultConfigurationName = Release;
		};
/* End XCConfigurationList section */

/* Begin XCRemoteSwiftPackageReference section */
		38EE8A792B04CD4E00E629CC /* XCRemoteSwiftPackageReference "RxSwift" */ = {
			isa = XCRemoteSwiftPackageReference;
			repositoryURL = "https://github.com/ReactiveX/RxSwift.git";
			requirement = {
				kind = upToNextMajorVersion;
				minimumVersion = 6.0.0;
			};
		};
		38EE8A7E2B04CE2900E629CC /* XCRemoteSwiftPackageReference "Moya" */ = {
			isa = XCRemoteSwiftPackageReference;
			repositoryURL = "https://github.com/Moya/Moya.git";
			requirement = {
				kind = upToNextMajorVersion;
				minimumVersion = 15.0.0;
			};
		};
/* End XCRemoteSwiftPackageReference section */

/* Begin XCSwiftPackageProductDependency section */
		38EE8A7A2B04CD4E00E629CC /* RxCocoa */ = {
			isa = XCSwiftPackageProductDependency;
			package = 38EE8A792B04CD4E00E629CC /* XCRemoteSwiftPackageReference "RxSwift" */;
			productName = RxCocoa;
		};
		38EE8A7C2B04CD4E00E629CC /* RxSwift */ = {
			isa = XCSwiftPackageProductDependency;
			package = 38EE8A792B04CD4E00E629CC /* XCRemoteSwiftPackageReference "RxSwift" */;
			productName = RxSwift;
		};
		38EE8A7F2B04CE2900E629CC /* Moya */ = {
			isa = XCSwiftPackageProductDependency;
			package = 38EE8A7E2B04CE2900E629CC /* XCRemoteSwiftPackageReference "Moya" */;
			productName = Moya;
		};
/* End XCSwiftPackageProductDependency section */
	};
	rootObject = 3847EC052B022C1200E086EB /* Project object */;
}
